{"SurveyEntry":{"SurveyID":"SV_dcckIxZfjcSVC2q","SurveyName":"Post_item","SurveyDescription":null,"SurveyOwnerID":"UR_9QzumdT2kFau3Xf","SurveyBrandID":"vub","DivisionID":null,"SurveyLanguage":"EN","SurveyActiveResponseSet":"RS_9RLLYHNtT9yUCqy","SurveyStatus":"Inactive","SurveyStartDate":"0000-00-00 00:00:00","SurveyExpirationDate":"0000-00-00 00:00:00","SurveyCreationDate":"2025-10-10 06:14:34","CreatorID":"UR_9QzumdT2kFau3Xf","LastModified":"2025-10-27 03:17:28","LastAccessed":"0000-00-00 00:00:00","LastActivated":"0000-00-00 00:00:00","Deleted":null},"SurveyElements":[{"SurveyID":"SV_dcckIxZfjcSVC2q","Element":"BL","PrimaryAttribute":"Survey Blocks","SecondaryAttribute":null,"TertiaryAttribute":null,"Payload":[{"Type":"Default","Description":"Serendipity","ID":"BL_9yGPnRDpLtebTam","BlockElements":[{"Type":"Question","QuestionID":"QID2"},{"Type":"Page Break"},{"Type":"Question","QuestionID":"QID3"},{"Type":"Page Break"},{"Type":"Question","QuestionID":"QID6"},{"Type":"Page Break"},{"Type":"Question","QuestionID":"QID5"},{"Type":"Page Break"},{"Type":"Question","QuestionID":"QID4"},{"Type":"Page Break"},{"Type":"Question","QuestionID":"QID7"},{"Type":"Page Break"},{"Type":"Question","QuestionID":"QID8"},{"Type":"Page Break"},{"Type":"Question","QuestionID":"QID12"},{"Type":"Page Break"},{"Type":"Question","QuestionID":"QID13"}],"Options":{"BlockLocking":"false","RandomizeQuestions":"false","BlockVisibility":"Collapsed"}},{"Type":"Trash","Description":"Trash \/ Unused Questions","ID":"BL_2gkYMGufRwafTMy","BlockElements":[{"Type":"Question","QuestionID":"QID15"},{"Type":"Question","QuestionID":"QID17"},{"Type":"Question","QuestionID":"QID22"},{"Type":"Question","QuestionID":"QID9"},{"Type":"Question","QuestionID":"QID10"},{"Type":"Question","QuestionID":"QID11"}]},{"Type":"Standard","SubType":"","Description":"Intellectual engagement","ID":"BL_8e5CatzrIJNyBp4","BlockElements":[{"Type":"Question","QuestionID":"QID14"},{"Type":"Page Break"},{"Type":"Question","QuestionID":"QID23"},{"Type":"Page Break"},{"Type":"Question","QuestionID":"QID16"}],"Options":{"BlockLocking":"false","RandomizeQuestions":"false","BlockVisibility":"Collapsed"}},{"Type":"Standard","SubType":"","Description":"Coping potential\u00a0","ID":"BL_ahJIz9cMg6WoQU6","BlockElements":[{"Type":"Question","QuestionID":"QID24"},{"Type":"Page Break"},{"Type":"Question","QuestionID":"QID26"},{"Type":"Page Break"},{"Type":"Question","QuestionID":"QID27"},{"Type":"Page Break"},{"Type":"Question","QuestionID":"QID28"},{"Type":"Page Break"},{"Type":"Question","QuestionID":"QID29"},{"Type":"Page Break"},{"Type":"Question","QuestionID":"QID25"}],"Options":{"BlockLocking":"false","RandomizeQuestions":"false","BlockVisibility":"Collapsed"}},{"Type":"Standard","SubType":"","Description":"intro","ID":"BL_5bYReiQnzdLqdeK","BlockElements":[{"Type":"Question","QuestionID":"QID1"}]},{"Type":"Standard","SubType":"","Description":"Perceived complexity","ID":"BL_bQM98uv2Q4zLoJ8","BlockElements":[{"Type":"Question","QuestionID":"QID30"},{"Type":"Page Break"},{"Type":"Question","QuestionID":"QID31"},{"Type":"Page Break"},{"Type":"Question","QuestionID":"QID35"},{"Type":"Page Break"},{"Type":"Question","QuestionID":"QID34"},{"Type":"Page Break"},{"Type":"Question","QuestionID":"QID32"},{"Type":"Page Break"},{"Type":"Question","QuestionID":"QID33"}],"Options":{"BlockLocking":"false","RandomizeQuestions":"false","BlockVisibility":"Collapsed"}},{"Type":"Standard","SubType":"","Description":"Transportation","ID":"BL_bDUxY4RAja7BLBc","BlockElements":[{"Type":"Question","QuestionID":"QID18"},{"Type":"Page Break"},{"Type":"Question","QuestionID":"QID19"},{"Type":"Page Break"},{"Type":"Question","QuestionID":"QID20"},{"Type":"Page Break"},{"Type":"Question","QuestionID":"QID21"}],"Options":{"BlockLocking":"false","RandomizeQuestions":"false","BlockVisibility":"Collapsed"}}]},{"SurveyID":"SV_dcckIxZfjcSVC2q","Element":"FL","PrimaryAttribute":"Survey Flow","SecondaryAttribute":null,"TertiaryAttribute":null,"Payload":{"Flow":[{"ID":"BL_5bYReiQnzdLqdeK","Type":"Standard","FlowID":"FL_5"},{"ID":"BL_9yGPnRDpLtebTam","Type":"Block","FlowID":"FL_2"},{"ID":"BL_8e5CatzrIJNyBp4","Type":"Standard","FlowID":"FL_3"},{"ID":"BL_bDUxY4RAja7BLBc","Type":"Standard","FlowID":"FL_7"},{"ID":"BL_ahJIz9cMg6WoQU6","Type":"Standard","FlowID":"FL_4"},{"ID":"BL_bQM98uv2Q4zLoJ8","Type":"Standard","FlowID":"FL_6"}],"Properties":{"Count":7},"FlowID":"FL_1","Type":"Root"}},{"SurveyID":"SV_dcckIxZfjcSVC2q","Element":"NT","PrimaryAttribute":"NT_0ufvsFJUhO85VKC","SecondaryAttribute":null,"TertiaryAttribute":null,"Payload":{"Notes":[{"Message":"not confident about this","ID":"NO_6m3CcM7BBkPmfr0","UserID":"UR_9QzumdT2kFau3Xf","Timestamp":1760707126,"Removed":false}],"UserStatuses":{"UR_9QzumdT2kFau3Xf":"Expanded"},"ParentID":"QID9","ID":"NT_0ufvsFJUhO85VKC"}},{"SurveyID":"SV_dcckIxZfjcSVC2q","Element":"PL","PrimaryAttribute":"Preview Link","SecondaryAttribute":null,"TertiaryAttribute":null,"Payload":{"PreviewType":"Brand","PreviewID":"ebe0a7ff-1115-4921-8761-6aae39ac9d04"}},{"SurveyID":"SV_dcckIxZfjcSVC2q","Element":"PROJ","PrimaryAttribute":"CORE","SecondaryAttribute":null,"TertiaryAttribute":"1.1.0","Payload":{"ProjectCategory":"CORE","SchemaVersion":"1.1.0"}},{"SurveyID":"SV_dcckIxZfjcSVC2q","Element":"QC","PrimaryAttribute":"Survey Question Count","SecondaryAttribute":"35","TertiaryAttribute":null,"Payload":null},{"SurveyID":"SV_dcckIxZfjcSVC2q","Element":"RS","PrimaryAttribute":"RS_9RLLYHNtT9yUCqy","SecondaryAttribute":"Default Response Set","TertiaryAttribute":null,"Payload":null},{"SurveyID":"SV_dcckIxZfjcSVC2q","Element":"SCO","PrimaryAttribute":"Scoring","SecondaryAttribute":null,"TertiaryAttribute":null,"Payload":{"ScoringCategories":[],"ScoringCategoryGroups":[],"ScoringSummaryCategory":null,"ScoringSummaryAfterQuestions":0,"ScoringSummaryAfterSurvey":0,"DefaultScoringCategory":null,"AutoScoringCategory":null}},{"SurveyID":"SV_dcckIxZfjcSVC2q","Element":"SO","PrimaryAttribute":"Survey Options","SecondaryAttribute":null,"TertiaryAttribute":null,"Payload":{"BackButton":"false","SaveAndContinue":"true","SurveyProtection":"PublicSurvey","BallotBoxStuffingPrevention":"false","NoIndex":"Yes","SecureResponseFiles":"true","SurveyExpiration":"None","SurveyTermination":"DefaultMessage","Header":"","Footer":"","ProgressBarDisplay":"None","PartialData":"+1 week","ValidationMessage":"","PreviousButton":"","NextButton":"","SurveyTitle":"Qualtrics Survey | Qualtrics Experience Management","SkinLibrary":"vub","SkinType":"templated","Skin":{"brandingId":"6316798658","templateId":"*base","overrides":null},"NewScoring":1,"SurveyMetaDescription":"The most powerful, simple and trusted way to gather experience data. Start your journey to experience management and try a free account today."}},{"SurveyID":"SV_dcckIxZfjcSVC2q","Element":"SQ","PrimaryAttribute":"QID1","SecondaryAttribute":"The following questions concern your experience of the part of the playlist you just listened to.","TertiaryAttribute":null,"Payload":{"QuestionText":"The following questions concern your experience of the part of the playlist you just listened to.","DefaultChoices":false,"DataExportTag":"intro","QuestionID":"QID1","QuestionType":"DB","Selector":"TB","DataVisibility":{"Private":false,"Hidden":false},"Configuration":{"QuestionDescriptionOption":"UseText"},"QuestionDescription":"The following questions concern your experience of the part of the playlist you just listened to.","ChoiceOrder":[],"Validation":{"Settings":{"Type":"None"}},"GradingData":[],"Language":[],"NextChoiceId":4,"NextAnswerId":1}},{"SurveyID":"SV_dcckIxZfjcSVC2q","Element":"SQ","PrimaryAttribute":"QID10","SecondaryAttribute":"Indicate how strongly you agree with the following statements","TertiaryAttribute":null,"Payload":{"QuestionText":"Indicate how strongly you agree with the following statements","DefaultChoices":false,"DataExportTag":"Transportation","QuestionType":"Matrix","Selector":"Likert","SubSelector":"SingleAnswer","DataVisibility":{"Private":false,"Hidden":false},"Configuration":{"QuestionDescriptionOption":"UseText","TextPosition":"inline","ChoiceColumnWidth":25,"RepeatHeaders":"none","WhiteSpace":"OFF","MobileFirst":true,"Autoscale":{"XScale":{"Name":"agreeDisagree","Type":"likert","Reverse":false}}},"QuestionDescription":"Indicate how strongly you agree with the following statements","Choices":{"1":{"Display":"I could picture myself in the scenes of the song"},"2":{"Display":"I was mentally involved in the song while listening"},"3":{"Display":"The song affected me emotionally"},"4":{"Display":"While listening to the song I had a vivid image of what it was about"}},"ChoiceOrder":[1,2,3,4],"Validation":{"Settings":{"ForceResponse":"OFF","Type":"None"}},"GradingData":[],"Language":[],"NextChoiceId":5,"NextAnswerId":6,"Answers":{"1":{"Display":"Strongly disagree"},"2":{"Display":"Somewhat disagree"},"3":{"Display":"Neither agree nor disagree"},"4":{"Display":"Somewhat agree"},"5":{"Display":"Strongly agree"}},"AnswerOrder":[1,2,3,4,5],"ChoiceDataExportTags":false,"QuestionID":"QID10"}},{"SurveyID":"SV_dcckIxZfjcSVC2q","Element":"SQ","PrimaryAttribute":"QID11","SecondaryAttribute":"The song I just listened to was","TertiaryAttribute":null,"Payload":{"QuestionText":"The song I just listened to was","DefaultChoices":false,"DataExportTag":"Q11","QuestionID":"QID11","QuestionType":"Matrix","Selector":"Bipolar","DataVisibility":{"Private":false,"Hidden":false},"Configuration":{"QuestionDescriptionOption":"UseText","TextPosition":"inline","ChoiceColumnWidth":25,"RepeatHeaders":"none","WhiteSpace":"OFF","MobileFirst":true},"QuestionDescription":"The song I just listened to was","Choices":{"1":{"Display":"Simple:Complex"},"2":{"Display":"Meaningless:Meaningful"},"3":{"Display":"Not understandable:Understandable"}},"ChoiceOrder":["1","2","3"],"Validation":{"Settings":{"ForceResponse":"OFF","Type":"None"}},"GradingData":[],"Language":[],"NextChoiceId":4,"NextAnswerId":6,"Answers":{"1":{"Display":"1"},"2":{"Display":"2"},"3":{"Display":"3"},"4":{"Display":"4"},"5":{"Display":"5"}},"AnswerOrder":[1,2,3,4,5],"ChoiceDataExportTags":false,"AnswerColumns":5}},{"SurveyID":"SV_dcckIxZfjcSVC2q","Element":"SQ","PrimaryAttribute":"QID12","SecondaryAttribute":"The song was new to me","TertiaryAttribute":null,"Payload":{"QuestionText":"The song was new to me<br>","DefaultChoices":false,"DataExportTag":"Novelty ","QuestionType":"MC","Selector":"SAVR","SubSelector":"TX","DataVisibility":{"Private":false,"Hidden":false},"Configuration":{"QuestionDescriptionOption":"UseText"},"QuestionDescription":"The song was new to me","Choices":{"1":{"Display":"Stronly disagree"},"2":{"Display":"Disagree"},"3":{"Display":"Neutral"},"4":{"Display":"Agree"},"5":{"Display":"Strongly agree"}},"ChoiceOrder":[1,2,3,4,5],"Validation":{"Settings":{"ForceResponse":"OFF","Type":"None"}},"GradingData":[],"Language":[],"NextChoiceId":6,"NextAnswerId":6,"QuestionID":"QID12"}},{"SurveyID":"SV_dcckIxZfjcSVC2q","Element":"SQ","PrimaryAttribute":"QID13","SecondaryAttribute":"I was pleasantly surprised","TertiaryAttribute":null,"Payload":{"QuestionText":"I was pleasantly surprised","DefaultChoices":false,"DataExportTag":"Prev lit","QuestionType":"MC","Selector":"SAVR","SubSelector":"TX","DataVisibility":{"Private":false,"Hidden":false},"Configuration":{"QuestionDescriptionOption":"UseText"},"QuestionDescription":"I was pleasantly surprised","Choices":{"1":{"Display":"Strongly disagree"},"2":{"Display":"Disagree"},"3":{"Display":"Neither agree nor disagree"},"4":{"Display":"Somewhat agree"},"5":{"Display":"Strongly agree"}},"ChoiceOrder":[1,2,3,4,5],"Validation":{"Settings":{"ForceResponse":"OFF","Type":"None"}},"GradingData":[],"Language":[],"NextChoiceId":6,"NextAnswerId":1,"QuestionID":"QID13"}},{"SurveyID":"SV_dcckIxZfjcSVC2q","Element":"SQ","PrimaryAttribute":"QID14","SecondaryAttribute":"I felt intellectually stimulated","TertiaryAttribute":null,"Payload":{"QuestionText":"I felt intellectually stimulated","DataExportTag":"Q14","QuestionType":"MC","Selector":"SAVR","SubSelector":"TX","DataVisibility":{"Private":false,"Hidden":false},"Configuration":{"QuestionDescriptionOption":"UseText"},"QuestionDescription":"I felt intellectually stimulated","Choices":{"1":{"Display":"Strongly disagree"},"2":{"Display":"Somewhat disagree"},"3":{"Display":"Neither agree nor disagree"},"4":{"Display":"Somewhat agree"},"5":{"Display":"Strongly agree"}},"ChoiceOrder":[1,2,3,4,5],"Validation":{"Settings":{"ForceResponse":"OFF","Type":"None"}},"Language":[],"NextChoiceId":6,"NextAnswerId":1,"QuestionID":"QID14"}},{"SurveyID":"SV_dcckIxZfjcSVC2q","Element":"SQ","PrimaryAttribute":"QID15","SecondaryAttribute":"Click to write the question text","TertiaryAttribute":null,"Payload":{"QuestionText":"Click to write the question text","DataExportTag":"Q15","QuestionType":"MC","Selector":"SAVR","SubSelector":"TX","DataVisibility":{"Private":false,"Hidden":false},"Configuration":{"QuestionDescriptionOption":"UseText"},"QuestionDescription":"Click to write the question text","Choices":{"1":{"Display":"Click to write Choice 1"},"2":{"Display":"Click to write Choice 2"},"3":{"Display":"Click to write Choice 3"}},"ChoiceOrder":["1","2","3"],"Validation":{"Settings":{"ForceResponse":"OFF","Type":"None"}},"Language":[],"NextChoiceId":4,"NextAnswerId":1,"QuestionID":"QID15"}},{"SurveyID":"SV_dcckIxZfjcSVC2q","Element":"SQ","PrimaryAttribute":"QID16","SecondaryAttribute":"I learned something new\u00a0","TertiaryAttribute":null,"Payload":{"QuestionText":"I learned something new&nbsp;<br>","DataExportTag":"Q16","QuestionType":"MC","Selector":"SAVR","SubSelector":"TX","DataVisibility":{"Private":false,"Hidden":false},"Configuration":{"QuestionDescriptionOption":"UseText"},"QuestionDescription":"I learned something new\u00a0","Choices":{"1":{"Display":"Strongly disagree"},"2":{"Display":"Somewhat disagree"},"3":{"Display":"Neither agree nor disagree"},"4":{"Display":"Somewhat agree"},"5":{"Display":"Strongly agree"}},"ChoiceOrder":[1,2,3,4,5],"Validation":{"Settings":{"ForceResponse":"OFF","Type":"None"}},"Language":[],"NextChoiceId":6,"NextAnswerId":1,"QuestionID":"QID16"}},{"SurveyID":"SV_dcckIxZfjcSVC2q","Element":"SQ","PrimaryAttribute":"QID17","SecondaryAttribute":"I could explain something meaningful about this song to someone else","TertiaryAttribute":null,"Payload":{"QuestionText":"I could explain something meaningful about this song to someone else","DataExportTag":"Q17","QuestionType":"MC","Selector":"SAVR","SubSelector":"TX","DataVisibility":{"Private":false,"Hidden":false},"Configuration":{"QuestionDescriptionOption":"UseText"},"QuestionDescription":"I could explain something meaningful about this song to someone else","Choices":{"1":{"Display":"Strongly disagree"},"2":{"Display":"Somewhat disagree"},"3":{"Display":"Neither agree nor disagree"},"4":{"Display":"Somewhat agree"},"5":{"Display":"Strongly agree"}},"ChoiceOrder":[1,2,3,4,5],"Validation":{"Settings":{"ForceResponse":"OFF","Type":"None"}},"Language":[],"NextChoiceId":6,"NextAnswerId":1,"QuestionID":"QID17"}},{"SurveyID":"SV_dcckIxZfjcSVC2q","Element":"SQ","PrimaryAttribute":"QID18","SecondaryAttribute":"I could picture myself in the scenes of the song","TertiaryAttribute":null,"Payload":{"QuestionText":"I could picture myself in the scenes of the song","DataExportTag":"Q19","QuestionType":"MC","Selector":"SAVR","SubSelector":"TX","DataVisibility":{"Private":false,"Hidden":false},"Configuration":{"QuestionDescriptionOption":"UseText","Autoscale":{"YScale":{"Name":"agreeDisagree","Type":"likert","Reverse":false}}},"QuestionDescription":"I could picture myself in the scenes of the song","Choices":{"1":{"Display":"Strongly disagree"},"2":{"Display":"Somewhat disagree"},"3":{"Display":"Neither agree nor disagree"},"4":{"Display":"Somewhat agree"},"5":{"Display":"Strongly agree"}},"ChoiceOrder":["1","2","3","4","5"],"Validation":{"Settings":{"ForceResponse":"OFF","Type":"None"}},"Language":[],"NextChoiceId":6,"NextAnswerId":1,"QuestionID":"QID18"}},{"SurveyID":"SV_dcckIxZfjcSVC2q","Element":"SQ","PrimaryAttribute":"QID19","SecondaryAttribute":"I was mentally involved in the song while listening","TertiaryAttribute":null,"Payload":{"QuestionText":"I was mentally involved in the song while listening","DataExportTag":"Q20","QuestionType":"MC","Selector":"SAVR","SubSelector":"TX","DataVisibility":{"Private":false,"Hidden":false},"Configuration":{"QuestionDescriptionOption":"UseText","Autoscale":{"YScale":{"Name":"agreeDisagree","Type":"likert","Reverse":false}}},"QuestionDescription":"I was mentally involved in the song while listening","Choices":{"1":{"Display":"Strongly disagree"},"2":{"Display":"Somewhat disagree"},"3":{"Display":"Neither agree nor disagree"},"4":{"Display":"Somewhat agree"},"5":{"Display":"Strongly agree"}},"ChoiceOrder":["1","2","3","4","5"],"Validation":{"Settings":{"ForceResponse":"OFF","Type":"None"}},"Language":[],"NextChoiceId":6,"NextAnswerId":1,"QuestionID":"QID19"}},{"SurveyID":"SV_dcckIxZfjcSVC2q","Element":"SQ","PrimaryAttribute":"QID2","SecondaryAttribute":"The song differs from the type of music\u00a0I normally listen to","TertiaryAttribute":null,"Payload":{"QuestionText":"The song differs from the<strong> type of music<\/strong>&nbsp;I normally listen to","DefaultChoices":false,"DataExportTag":"Unusual","QuestionID":"QID2","QuestionType":"MC","Selector":"SAVR","SubSelector":"TX","DataVisibility":{"Private":false,"Hidden":false},"Configuration":{"QuestionDescriptionOption":"UseText","TextPosition":"inline"},"QuestionDescription":"The song differs from the type of music\u00a0I normally listen to","Choices":{"1":{"Display":"Stronly disagree"},"2":{"Display":"Disagree"},"3":{"Display":"Neutral"},"4":{"Display":"Agree"},"5":{"Display":"Strongly agree"}},"ChoiceOrder":[1,2,3,4,5],"Validation":{"Settings":{"ForceResponse":"OFF","Type":"None"}},"GradingData":[],"Language":[],"NextChoiceId":6,"NextAnswerId":6}},{"SurveyID":"SV_dcckIxZfjcSVC2q","Element":"SQ","PrimaryAttribute":"QID20","SecondaryAttribute":"The song affected me emotionally","TertiaryAttribute":null,"Payload":{"QuestionText":"The song affected me emotionally","DataExportTag":"Q21","QuestionType":"MC","Selector":"SAVR","SubSelector":"TX","DataVisibility":{"Private":false,"Hidden":false},"Configuration":{"QuestionDescriptionOption":"UseText","Autoscale":{"YScale":{"Name":"agreeDisagree","Type":"likert","Reverse":false}}},"QuestionDescription":"The song affected me emotionally","Choices":{"1":{"Display":"Strongly disagree"},"2":{"Display":"Somewhat disagree"},"3":{"Display":"Neither agree nor disagree"},"4":{"Display":"Somewhat agree"},"5":{"Display":"Strongly agree"}},"ChoiceOrder":["1","2","3","4","5"],"Validation":{"Settings":{"ForceResponse":"OFF","Type":"None"}},"Language":[],"NextChoiceId":6,"NextAnswerId":1,"QuestionID":"QID20"}},{"SurveyID":"SV_dcckIxZfjcSVC2q","Element":"SQ","PrimaryAttribute":"QID21","SecondaryAttribute":"While listening to the song I had a vivid image of what it was about","TertiaryAttribute":null,"Payload":{"QuestionText":"While listening to the song I had a vivid image of what it was about","DataExportTag":"Q22","QuestionType":"MC","Selector":"SAVR","SubSelector":"TX","DataVisibility":{"Private":false,"Hidden":false},"Configuration":{"QuestionDescriptionOption":"UseText","Autoscale":{"YScale":{"Name":"agreeDisagree","Type":"likert","Reverse":false}}},"QuestionDescription":"While listening to the song I had a vivid image of what it was about","Choices":{"1":{"Display":"Strongly disagree"},"2":{"Display":"Somewhat disagree"},"3":{"Display":"Neither agree nor disagree"},"4":{"Display":"Somewhat agree"},"5":{"Display":"Strongly agree"}},"ChoiceOrder":["1","2","3","4","5"],"Validation":{"Settings":{"ForceResponse":"OFF","Type":"None"}},"Language":[],"NextChoiceId":6,"NextAnswerId":1,"QuestionID":"QID21"}},{"SurveyID":"SV_dcckIxZfjcSVC2q","Element":"SQ","PrimaryAttribute":"QID22","SecondaryAttribute":"Click to write the question text","TertiaryAttribute":null,"Payload":{"QuestionText":"Click to write the question text","DataExportTag":"Q22","QuestionType":"MC","Selector":"SAVR","SubSelector":"TX","DataVisibility":{"Private":false,"Hidden":false},"Configuration":{"QuestionDescriptionOption":"UseText"},"QuestionDescription":"Click to write the question text","Choices":{"1":{"Display":"Click to write Choice 1"},"2":{"Display":"Click to write Choice 2"},"3":{"Display":"Click to write Choice 3"}},"ChoiceOrder":["1","2","3"],"Validation":{"Settings":{"ForceResponse":"OFF","Type":"None"}},"Language":[],"NextChoiceId":4,"NextAnswerId":1,"QuestionID":"QID22"}},{"SurveyID":"SV_dcckIxZfjcSVC2q","Element":"SQ","PrimaryAttribute":"QID23","SecondaryAttribute":"I reflected on how the music connects to broader ideas or culture.","TertiaryAttribute":null,"Payload":{"QuestionText":"I reflected on how the music connects to broader ideas or culture.","DataExportTag":"Q23","QuestionType":"MC","Selector":"SAVR","SubSelector":"TX","DataVisibility":{"Private":false,"Hidden":false},"Configuration":{"QuestionDescriptionOption":"UseText"},"QuestionDescription":"I reflected on how the music connects to broader ideas or culture.","Choices":{"1":{"Display":"Strongly disagree"},"2":{"Display":"Somewhat disagree"},"3":{"Display":"Neither agree nor disagree"},"4":{"Display":"Somewhat agree"},"5":{"Display":"Strongly agree"}},"ChoiceOrder":[1,2,3,4,5],"Validation":{"Settings":{"ForceResponse":"OFF","Type":"None"}},"Language":[],"NextChoiceId":6,"NextAnswerId":1,"QuestionID":"QID23"}},{"SurveyID":"SV_dcckIxZfjcSVC2q","Element":"SQ","PrimaryAttribute":"QID24","SecondaryAttribute":"I feel like I get the song","TertiaryAttribute":null,"Payload":{"QuestionText":"I feel like I get the song<br>","DataExportTag":"Q24","QuestionType":"MC","Selector":"SAVR","SubSelector":"TX","DataVisibility":{"Private":false,"Hidden":false},"Configuration":{"QuestionDescriptionOption":"UseText","Autoscale":{"YScale":{"Name":"agreeDisagree","Type":"likert","Reverse":false}}},"QuestionDescription":"I feel like I get the song","Choices":{"1":{"Display":"Strongly disagree"},"2":{"Display":"Somewhat disagree"},"3":{"Display":"Neither agree nor disagree"},"4":{"Display":"Somewhat agree"},"5":{"Display":"Strongly agree"}},"ChoiceOrder":["1","2","3","4","5"],"Validation":{"Settings":{"ForceResponse":"OFF","Type":"None"}},"Language":[],"NextChoiceId":6,"NextAnswerId":1,"QuestionID":"QID24"}},{"SurveyID":"SV_dcckIxZfjcSVC2q","Element":"SQ","PrimaryAttribute":"QID25","SecondaryAttribute":"I find the song confusing","TertiaryAttribute":null,"Payload":{"QuestionText":"I find the song confusing<br>","DataExportTag":"Q25","QuestionType":"MC","Selector":"SAVR","SubSelector":"TX","DataVisibility":{"Private":false,"Hidden":false},"Configuration":{"QuestionDescriptionOption":"UseText","Autoscale":{"YScale":{"Name":"agreeDisagree","Type":"likert","Reverse":false}}},"QuestionDescription":"I find the song confusing","Choices":{"1":{"Display":"Strongly disagree"},"2":{"Display":"Somewhat disagree"},"3":{"Display":"Neither agree nor disagree"},"4":{"Display":"Somewhat agree"},"5":{"Display":"Strongly agree"}},"ChoiceOrder":["1","2","3","4","5"],"Validation":{"Settings":{"ForceResponse":"OFF","Type":"None"}},"Language":[],"NextChoiceId":6,"NextAnswerId":1,"QuestionID":"QID25"}},{"SurveyID":"SV_dcckIxZfjcSVC2q","Element":"SQ","PrimaryAttribute":"QID26","SecondaryAttribute":"The song makes sense to me\u00a0","TertiaryAttribute":null,"Payload":{"QuestionText":"The song makes sense to me&nbsp;<br>","DataExportTag":"Q26","QuestionType":"MC","Selector":"SAVR","SubSelector":"TX","DataVisibility":{"Private":false,"Hidden":false},"Configuration":{"QuestionDescriptionOption":"UseText","Autoscale":{"YScale":{"Name":"agreeDisagree","Type":"likert","Reverse":false}}},"QuestionDescription":"The song makes sense to me\u00a0","Choices":{"1":{"Display":"Strongly disagree"},"2":{"Display":"Somewhat disagree"},"3":{"Display":"Neither agree nor disagree"},"4":{"Display":"Somewhat agree"},"5":{"Display":"Strongly agree"}},"ChoiceOrder":["1","2","3","4","5"],"Validation":{"Settings":{"ForceResponse":"OFF","Type":"None"}},"Language":[],"NextChoiceId":6,"NextAnswerId":1,"QuestionID":"QID26"}},{"SurveyID":"SV_dcckIxZfjcSVC2q","Element":"SQ","PrimaryAttribute":"QID27","SecondaryAttribute":"I understand the song","TertiaryAttribute":null,"Payload":{"QuestionText":"I understand the song<br>","DataExportTag":"Q27","QuestionType":"MC","Selector":"SAVR","SubSelector":"TX","DataVisibility":{"Private":false,"Hidden":false},"Configuration":{"QuestionDescriptionOption":"UseText","Autoscale":{"YScale":{"Name":"agreeDisagree","Type":"likert","Reverse":false}}},"QuestionDescription":"I understand the song","Choices":{"1":{"Display":"Strongly disagree"},"2":{"Display":"Somewhat disagree"},"3":{"Display":"Neither agree nor disagree"},"4":{"Display":"Somewhat agree"},"5":{"Display":"Strongly agree"}},"ChoiceOrder":["1","2","3","4","5"],"Validation":{"Settings":{"ForceResponse":"OFF","Type":"None"}},"Language":[],"NextChoiceId":6,"NextAnswerId":1,"QuestionID":"QID27"}},{"SurveyID":"SV_dcckIxZfjcSVC2q","Element":"SQ","PrimaryAttribute":"QID28","SecondaryAttribute":"The song feels meaningful","TertiaryAttribute":null,"Payload":{"QuestionText":"The song feels meaningful<br>","DataExportTag":"Q28","QuestionType":"MC","Selector":"SAVR","SubSelector":"TX","DataVisibility":{"Private":false,"Hidden":false},"Configuration":{"QuestionDescriptionOption":"UseText","Autoscale":{"YScale":{"Name":"agreeDisagree","Type":"likert","Reverse":false}}},"QuestionDescription":"The song feels meaningful","Choices":{"1":{"Display":"Strongly disagree"},"2":{"Display":"Somewhat disagree"},"3":{"Display":"Neither agree nor disagree"},"4":{"Display":"Somewhat agree"},"5":{"Display":"Strongly agree"}},"ChoiceOrder":["1","2","3","4","5"],"Validation":{"Settings":{"ForceResponse":"OFF","Type":"None"}},"Language":[],"NextChoiceId":6,"NextAnswerId":1,"QuestionID":"QID28"}},{"SurveyID":"SV_dcckIxZfjcSVC2q","Element":"SQ","PrimaryAttribute":"QID29","SecondaryAttribute":"I feel like I get what the song is about","TertiaryAttribute":null,"Payload":{"QuestionText":"I feel like I get what the song is about<br>","DataExportTag":"Q29","QuestionType":"MC","Selector":"SAVR","SubSelector":"TX","DataVisibility":{"Private":false,"Hidden":false},"Configuration":{"QuestionDescriptionOption":"UseText","Autoscale":{"YScale":{"Name":"agreeDisagree","Type":"likert","Reverse":false}}},"QuestionDescription":"I feel like I get what the song is about","Choices":{"1":{"Display":"Strongly disagree"},"2":{"Display":"Somewhat disagree"},"3":{"Display":"Neither agree nor disagree"},"4":{"Display":"Somewhat agree"},"5":{"Display":"Strongly agree"}},"ChoiceOrder":["1","2","3","4","5"],"Validation":{"Settings":{"ForceResponse":"OFF","Type":"None"}},"Language":[],"NextChoiceId":6,"NextAnswerId":1,"QuestionID":"QID29"}},{"SurveyID":"SV_dcckIxZfjcSVC2q","Element":"SQ","PrimaryAttribute":"QID3","SecondaryAttribute":"It\u00a0sparked my interest","TertiaryAttribute":null,"Payload":{"QuestionText":"It<strong>&nbsp;<\/strong>sparked my interest","DefaultChoices":false,"DataExportTag":"Intriguing","QuestionType":"MC","Selector":"SAVR","SubSelector":"TX","DataVisibility":{"Private":false,"Hidden":false},"Configuration":{"QuestionDescriptionOption":"UseText"},"QuestionDescription":"It\u00a0sparked my interest","Choices":{"1":{"Display":"Stronly disagree"},"2":{"Display":"Disagree"},"3":{"Display":"Neutral"},"4":{"Display":"Agree"},"5":{"Display":"Strongly agree"}},"ChoiceOrder":[1,2,3,4,5],"Validation":{"Settings":{"ForceResponse":"OFF","Type":"None"}},"GradingData":[],"Language":[],"NextChoiceId":6,"NextAnswerId":6,"QuestionID":"QID3"}},{"SurveyID":"SV_dcckIxZfjcSVC2q","Element":"SQ","PrimaryAttribute":"QID30","SecondaryAttribute":"The song is complicated","TertiaryAttribute":null,"Payload":{"QuestionText":"The song is complicated<br>","DataExportTag":"Q30","QuestionType":"MC","Selector":"SAVR","SubSelector":"TX","DataVisibility":{"Private":false,"Hidden":false},"Configuration":{"QuestionDescriptionOption":"UseText","Autoscale":{"YScale":{"Name":"agreeDisagree","Type":"likert","Reverse":false}}},"QuestionDescription":"The song is complicated","Choices":{"1":{"Display":"Strongly disagree"},"2":{"Display":"Somewhat disagree"},"3":{"Display":"Neither agree nor disagree"},"4":{"Display":"Somewhat agree"},"5":{"Display":"Strongly agree"}},"ChoiceOrder":["1","2","3","4","5"],"Validation":{"Settings":{"ForceResponse":"OFF","Type":"None"}},"Language":[],"NextChoiceId":6,"NextAnswerId":1,"QuestionID":"QID30"}},{"SurveyID":"SV_dcckIxZfjcSVC2q","Element":"SQ","PrimaryAttribute":"QID31","SecondaryAttribute":"There is a lot to unpack in this song","TertiaryAttribute":null,"Payload":{"QuestionText":"There is a lot to unpack in this song<br>","DataExportTag":"Q31","QuestionType":"MC","Selector":"SAVR","SubSelector":"TX","DataVisibility":{"Private":false,"Hidden":false},"Configuration":{"QuestionDescriptionOption":"UseText","Autoscale":{"YScale":{"Name":"agreeDisagree","Type":"likert","Reverse":false}}},"QuestionDescription":"There is a lot to unpack in this song","Choices":{"1":{"Display":"Strongly disagree"},"2":{"Display":"Somewhat disagree"},"3":{"Display":"Neither agree nor disagree"},"4":{"Display":"Somewhat agree"},"5":{"Display":"Strongly agree"}},"ChoiceOrder":["1","2","3","4","5"],"Validation":{"Settings":{"ForceResponse":"OFF","Type":"None"}},"Language":[],"NextChoiceId":6,"NextAnswerId":1,"QuestionID":"QID31"}},{"SurveyID":"SV_dcckIxZfjcSVC2q","Element":"SQ","PrimaryAttribute":"QID32","SecondaryAttribute":"This song feels superficial to me\u00a0","TertiaryAttribute":null,"Payload":{"QuestionText":"This song feels superficial to me&nbsp;<br>","DataExportTag":"Q32","QuestionType":"MC","Selector":"SAVR","SubSelector":"TX","DataVisibility":{"Private":false,"Hidden":false},"Configuration":{"QuestionDescriptionOption":"UseText","Autoscale":{"YScale":{"Name":"agreeDisagree","Type":"likert","Reverse":false}}},"QuestionDescription":"This song feels superficial to me\u00a0","Choices":{"1":{"Display":"Strongly disagree"},"2":{"Display":"Somewhat disagree"},"3":{"Display":"Neither agree nor disagree"},"4":{"Display":"Somewhat agree"},"5":{"Display":"Strongly agree"}},"ChoiceOrder":["1","2","3","4","5"],"Validation":{"Settings":{"ForceResponse":"OFF","Type":"None"}},"Language":[],"NextChoiceId":6,"NextAnswerId":1,"QuestionID":"QID32"}},{"SurveyID":"SV_dcckIxZfjcSVC2q","Element":"SQ","PrimaryAttribute":"QID33","SecondaryAttribute":"There isn't much depth to this song","TertiaryAttribute":null,"Payload":{"QuestionText":"There isn't much depth to this song<br>","DataExportTag":"Q33","QuestionType":"MC","Selector":"SAVR","SubSelector":"TX","DataVisibility":{"Private":false,"Hidden":false},"Configuration":{"QuestionDescriptionOption":"UseText","Autoscale":{"YScale":{"Name":"agreeDisagree","Type":"likert","Reverse":false}}},"QuestionDescription":"There isn't much depth to this song","Choices":{"1":{"Display":"Strongly disagree"},"2":{"Display":"Somewhat disagree"},"3":{"Display":"Neither agree nor disagree"},"4":{"Display":"Somewhat agree"},"5":{"Display":"Strongly agree"}},"ChoiceOrder":["1","2","3","4","5"],"Validation":{"Settings":{"ForceResponse":"OFF","Type":"None"}},"Language":[],"NextChoiceId":6,"NextAnswerId":1,"QuestionID":"QID33"}},{"SurveyID":"SV_dcckIxZfjcSVC2q","Element":"SQ","PrimaryAttribute":"QID34","SecondaryAttribute":"The song expresses a deep meaning","TertiaryAttribute":null,"Payload":{"QuestionText":"The song expresses a deep meaning<br>","DataExportTag":"Q34","QuestionType":"MC","Selector":"SAVR","SubSelector":"TX","DataVisibility":{"Private":false,"Hidden":false},"Configuration":{"QuestionDescriptionOption":"UseText","Autoscale":{"YScale":{"Name":"agreeDisagree","Type":"likert","Reverse":false}}},"QuestionDescription":"The song expresses a deep meaning","Choices":{"1":{"Display":"Strongly disagree"},"2":{"Display":"Somewhat disagree"},"3":{"Display":"Neither agree nor disagree"},"4":{"Display":"Somewhat agree"},"5":{"Display":"Strongly agree"}},"ChoiceOrder":["1","2","3","4","5"],"Validation":{"Settings":{"ForceResponse":"OFF","Type":"None"}},"Language":[],"NextChoiceId":6,"NextAnswerId":1,"QuestionID":"QID34"}},{"SurveyID":"SV_dcckIxZfjcSVC2q","Element":"SQ","PrimaryAttribute":"QID35","SecondaryAttribute":"The song has a lot of musical depth\u00a0","TertiaryAttribute":null,"Payload":{"QuestionText":"The song has a lot of musical depth&nbsp;<br>","DataExportTag":"Q35","QuestionType":"MC","Selector":"SAVR","SubSelector":"TX","DataVisibility":{"Private":false,"Hidden":false},"Configuration":{"QuestionDescriptionOption":"UseText","Autoscale":{"YScale":{"Name":"agreeDisagree","Type":"likert","Reverse":false}}},"QuestionDescription":"The song has a lot of musical depth\u00a0","Choices":{"1":{"Display":"Strongly disagree"},"2":{"Display":"Somewhat disagree"},"3":{"Display":"Neither agree nor disagree"},"4":{"Display":"Somewhat agree"},"5":{"Display":"Strongly agree"}},"ChoiceOrder":["1","2","3","4","5"],"Validation":{"Settings":{"ForceResponse":"OFF","Type":"None"}},"Language":[],"NextChoiceId":6,"NextAnswerId":1,"QuestionID":"QID35"}},{"SurveyID":"SV_dcckIxZfjcSVC2q","Element":"SQ","PrimaryAttribute":"QID4","SecondaryAttribute":"I discovered something that might have been more difficult to discover without the help of this app","TertiaryAttribute":null,"Payload":{"QuestionText":"I discovered something that might have been more difficult to discover without the help of this app","DefaultChoices":false,"DataExportTag":"Difficult to disc","QuestionType":"MC","Selector":"SAVR","SubSelector":"TX","DataVisibility":{"Private":false,"Hidden":false},"Configuration":{"QuestionDescriptionOption":"UseText"},"QuestionDescription":"I discovered something that might have been more difficult to discover without the help of this app","Choices":{"1":{"Display":"Stronly disagree"},"2":{"Display":"Disagree"},"3":{"Display":"Neutral"},"4":{"Display":"Agree"},"5":{"Display":"Strongly agree"}},"ChoiceOrder":[1,2,3,4,5],"Validation":{"Settings":{"ForceResponse":"OFF","Type":"None"}},"GradingData":[],"Language":[],"NextChoiceId":6,"NextAnswerId":6,"QuestionID":"QID4"}},{"SurveyID":"SV_dcckIxZfjcSVC2q","Element":"SQ","PrimaryAttribute":"QID5","SecondaryAttribute":"I discovered something unexpected","TertiaryAttribute":null,"Payload":{"QuestionText":"I discovered something unexpected","DefaultChoices":false,"DataExportTag":"Unexpected","QuestionType":"MC","Selector":"SAVR","SubSelector":"TX","DataVisibility":{"Private":false,"Hidden":false},"Configuration":{"QuestionDescriptionOption":"UseText"},"QuestionDescription":"I discovered something unexpected","Choices":{"1":{"Display":"Stronly disagree"},"2":{"Display":"Disagree"},"3":{"Display":"Neutral"},"4":{"Display":"Agree"},"5":{"Display":"Strongly agree"}},"ChoiceOrder":[1,2,3,4,5],"Validation":{"Settings":{"ForceResponse":"OFF","Type":"None"}},"GradingData":[],"Language":[],"NextChoiceId":6,"NextAnswerId":6,"QuestionID":"QID5"}},{"SurveyID":"SV_dcckIxZfjcSVC2q","Element":"SQ","PrimaryAttribute":"QID6","SecondaryAttribute":"I felt surprised","TertiaryAttribute":null,"Payload":{"QuestionText":"I felt surprised","DefaultChoices":false,"DataExportTag":"Unexpected","QuestionType":"MC","Selector":"SAVR","SubSelector":"TX","DataVisibility":{"Private":false,"Hidden":false},"Configuration":{"QuestionDescriptionOption":"UseText"},"QuestionDescription":"I felt surprised","Choices":{"1":{"Display":"Stronly disagree"},"2":{"Display":"Disagree"},"3":{"Display":"Neutral"},"4":{"Display":"Agree"},"5":{"Display":"Strongly agree"}},"ChoiceOrder":[1,2,3,4,5],"Validation":{"Settings":{"ForceResponse":"OFF","Type":"None"}},"GradingData":[],"Language":[],"NextChoiceId":6,"NextAnswerId":6,"QuestionID":"QID6"}},{"SurveyID":"SV_dcckIxZfjcSVC2q","Element":"SQ","PrimaryAttribute":"QID7","SecondaryAttribute":"I experienced the song through a new perspective","TertiaryAttribute":null,"Payload":{"QuestionText":"I experienced the song through a new perspective","DefaultChoices":false,"DataExportTag":"Uncovering","QuestionType":"MC","Selector":"SAVR","SubSelector":"TX","DataVisibility":{"Private":false,"Hidden":false},"Configuration":{"QuestionDescriptionOption":"UseText"},"QuestionDescription":"I experienced the song through a new perspective","Choices":{"1":{"Display":"Stronly disagree"},"2":{"Display":"Disagree"},"3":{"Display":"Neutral"},"4":{"Display":"Agree"},"5":{"Display":"Strongly agree"}},"ChoiceOrder":[1,2,3,4,5],"Validation":{"Settings":{"ForceResponse":"OFF","Type":"None"}},"GradingData":[],"Language":[],"NextChoiceId":6,"NextAnswerId":6,"QuestionID":"QID7"}},{"SurveyID":"SV_dcckIxZfjcSVC2q","Element":"SQ","PrimaryAttribute":"QID8","SecondaryAttribute":"I noticed details I didn\u2019t notice before","TertiaryAttribute":null,"Payload":{"QuestionText":"I noticed details I didn\u2019t notice before <br>","DefaultChoices":false,"DataExportTag":"Uncovering","QuestionType":"MC","Selector":"SAVR","SubSelector":"TX","DataVisibility":{"Private":false,"Hidden":false},"Configuration":{"QuestionDescriptionOption":"UseText"},"QuestionDescription":"I noticed details I didn\u2019t notice before","Choices":{"1":{"Display":"Stronly disagree"},"2":{"Display":"Disagree"},"3":{"Display":"Neutral"},"4":{"Display":"Agree"},"5":{"Display":"Strongly agree"}},"ChoiceOrder":[1,2,3,4,5],"Validation":{"Settings":{"ForceResponse":"OFF","Type":"None"}},"GradingData":[],"Language":[],"NextChoiceId":6,"NextAnswerId":6,"QuestionID":"QID8"}},{"SurveyID":"SV_dcckIxZfjcSVC2q","Element":"SQ","PrimaryAttribute":"QID9","SecondaryAttribute":"Indicate how strongly you agree with the following statements","TertiaryAttribute":null,"Payload":{"QuestionText":"Indicate how strongly you agree with the following statements","DefaultChoices":false,"DataExportTag":"Informativeness","QuestionID":"QID9","QuestionType":"Matrix","Selector":"Likert","SubSelector":"SingleAnswer","DataVisibility":{"Private":false,"Hidden":false},"Configuration":{"QuestionDescriptionOption":"UseText","TextPosition":"inline","ChoiceColumnWidth":25,"RepeatHeaders":"none","WhiteSpace":"OFF","MobileFirst":true,"Autoscale":{"XScale":{"Name":"agreeDisagree","Type":"likert","Reverse":false}}},"QuestionDescription":"Indicate how strongly you agree with the following statements","Choices":{"1":{"Display":"I understand the background behind the song"},"2":{"Display":"I feel well-informed about the song"},"3":{"Display":"I could explain something meaningful about this song to someone else"}},"ChoiceOrder":[1,2,3],"Validation":{"Settings":{"ForceResponse":"OFF","Type":"None"}},"GradingData":[],"Language":[],"NextChoiceId":4,"NextAnswerId":6,"Answers":{"1":{"Display":"Strongly disagree"},"2":{"Display":"Somewhat disagree"},"3":{"Display":"Neither agree nor disagree"},"4":{"Display":"Somewhat agree"},"5":{"Display":"Strongly agree"}},"AnswerOrder":[1,2,3,4,5],"ChoiceDataExportTags":false}},{"SurveyID":"SV_dcckIxZfjcSVC2q","Element":"STAT","PrimaryAttribute":"Survey Statistics","SecondaryAttribute":null,"TertiaryAttribute":null,"Payload":{"MobileCompatible":true,"ID":"Survey Statistics"}}]}