{"SurveyEntry":{"SurveyID":"SV_elpsoadi2HuidRc","SurveyName":"Post_list","SurveyDescription":null,"SurveyOwnerID":"UR_9QzumdT2kFau3Xf","SurveyBrandID":"vub","DivisionID":null,"SurveyLanguage":"EN","SurveyActiveResponseSet":"RS_a4qEoqAWGy55dc2","SurveyStatus":"Inactive","SurveyStartDate":"0000-00-00 00:00:00","SurveyExpirationDate":"0000-00-00 00:00:00","SurveyCreationDate":"2025-10-10 06:41:02","CreatorID":"UR_9QzumdT2kFau3Xf","LastModified":"2025-10-27 03:13:22","LastAccessed":"0000-00-00 00:00:00","LastActivated":"0000-00-00 00:00:00","Deleted":null},"SurveyElements":[{"SurveyID":"SV_elpsoadi2HuidRc","Element":"BL","PrimaryAttribute":"Survey Blocks","SecondaryAttribute":null,"TertiaryAttribute":null,"Payload":{"1":{"Type":"Trash","Description":"Trash \/ Unused Questions","ID":"BL_296XZDhODMGfKbY","BlockElements":[{"Type":"Question","QuestionID":"QID1"},{"Type":"Question","QuestionID":"QID2"}]},"2":{"Type":"Standard","SubType":"","Description":"Satisfaction\u00a0","ID":"BL_41MXGbIIvfoJr0y","BlockElements":[{"Type":"Question","QuestionID":"QID4"},{"Type":"Page Break"},{"Type":"Question","QuestionID":"QID5"}]},"3":{"Type":"Standard","SubType":"","Description":"Other comments","ID":"BL_3UyNXZtv9iSAAlw","BlockElements":[{"Type":"Question","QuestionID":"QID10"}]},"4":{"Type":"Standard","SubType":"","Description":"Intro","ID":"BL_6svc7jSyocggqBE","BlockElements":[{"Type":"Question","QuestionID":"QID11"}]},"5":{"Type":"Standard","SubType":"","Description":"Serendipity\u00a0","ID":"BL_5aIZEwJcIWABs10","BlockElements":[{"Type":"Question","QuestionID":"QID3"}]},"6":{"Type":"Standard","SubType":"","Description":"Quality","ID":"BL_1B2E7llCriM5rw2","BlockElements":[{"Type":"Question","QuestionID":"QID6"},{"Type":"Page Break"},{"Type":"Question","QuestionID":"QID7"},{"Type":"Page Break"},{"Type":"Question","QuestionID":"QID8"},{"Type":"Page Break"},{"Type":"Question","QuestionID":"QID9"}]}}},{"SurveyID":"SV_elpsoadi2HuidRc","Element":"FL","PrimaryAttribute":"Survey Flow","SecondaryAttribute":null,"TertiaryAttribute":null,"Payload":{"Type":"Root","FlowID":"FL_1","Flow":[{"Type":"Standard","ID":"BL_6svc7jSyocggqBE","FlowID":"FL_6","Autofill":[]},{"Type":"Standard","ID":"BL_41MXGbIIvfoJr0y","FlowID":"FL_3","Autofill":[]},{"ID":"BL_5aIZEwJcIWABs10","Type":"Standard","FlowID":"FL_7"},{"ID":"BL_1B2E7llCriM5rw2","Type":"Standard","FlowID":"FL_8"},{"Type":"Standard","ID":"BL_3UyNXZtv9iSAAlw","FlowID":"FL_5","Autofill":[]}],"Properties":{"Count":8}}},{"SurveyID":"SV_elpsoadi2HuidRc","Element":"PL","PrimaryAttribute":"Preview Link","SecondaryAttribute":null,"TertiaryAttribute":null,"Payload":{"PreviewType":"Brand","PreviewID":"e016c529-5f25-4629-947e-3c715b3f5215"}},{"SurveyID":"SV_elpsoadi2HuidRc","Element":"PROJ","PrimaryAttribute":"CORE","SecondaryAttribute":null,"TertiaryAttribute":"1.1.0","Payload":{"ProjectCategory":"CORE","SchemaVersion":"1.1.0"}},{"SurveyID":"SV_elpsoadi2HuidRc","Element":"QC","PrimaryAttribute":"Survey Question Count","SecondaryAttribute":"11","TertiaryAttribute":null,"Payload":null},{"SurveyID":"SV_elpsoadi2HuidRc","Element":"RS","PrimaryAttribute":"RS_a4qEoqAWGy55dc2","SecondaryAttribute":"Default Response Set","TertiaryAttribute":null,"Payload":null},{"SurveyID":"SV_elpsoadi2HuidRc","Element":"SCO","PrimaryAttribute":"Scoring","SecondaryAttribute":null,"TertiaryAttribute":null,"Payload":{"ScoringCategories":[],"ScoringCategoryGroups":[],"ScoringSummaryCategory":null,"ScoringSummaryAfterQuestions":0,"ScoringSummaryAfterSurvey":0,"DefaultScoringCategory":null,"AutoScoringCategory":null}},{"SurveyID":"SV_elpsoadi2HuidRc","Element":"SO","PrimaryAttribute":"Survey Options","SecondaryAttribute":null,"TertiaryAttribute":null,"Payload":{"BackButton":"false","SaveAndContinue":"true","SurveyProtection":"PublicSurvey","BallotBoxStuffingPrevention":"false","NoIndex":"Yes","SecureResponseFiles":"true","SurveyExpiration":"None","SurveyTermination":"DefaultMessage","Header":"","Footer":"","ProgressBarDisplay":"None","PartialData":"+1 week","ValidationMessage":"","PreviousButton":"","NextButton":"","SurveyTitle":"Qualtrics Survey | Qualtrics Experience Management","SkinLibrary":"vub","SkinType":"templated","Skin":{"brandingId":"6316798658","templateId":"*base","overrides":null},"NewScoring":1,"SurveyMetaDescription":"The most powerful, simple and trusted way to gather experience data. Start your journey to experience management and try a free account today."}},{"SurveyID":"SV_elpsoadi2HuidRc","Element":"SQ","PrimaryAttribute":"QID1","SecondaryAttribute":"Indicate how strongly you agree with the following statements","TertiaryAttribute":null,"Payload":{"QuestionText":"Indicate how strongly you agree with the following statements","DefaultChoices":false,"DataExportTag":"Satisfaction","QuestionID":"QID1","QuestionType":"Matrix","Selector":"Likert","SubSelector":"SingleAnswer","DataVisibility":{"Private":false,"Hidden":false},"Configuration":{"QuestionDescriptionOption":"UseText","TextPosition":"inline","ChoiceColumnWidth":25,"RepeatHeaders":"none","WhiteSpace":"OFF","MobileFirst":true,"Autoscale":{"XScale":{"Name":"agreeDisagree","Type":"likert","Reverse":false}}},"QuestionDescription":"Indicate how strongly you agree with the following statements","Choices":{"1":{"Display":"I liked the music"},"2":{"Display":"I enjoyed listening to the music"},"3":{"Display":"I would like to hear these songs again"}},"ChoiceOrder":[1,2,3],"Validation":{"Settings":{"ForceResponse":"OFF","Type":"None"}},"GradingData":[],"Language":[],"NextChoiceId":4,"NextAnswerId":6,"Answers":{"1":{"Display":"Strongly disagree"},"2":{"Display":"Somewhat disagree"},"3":{"Display":"Neither agree nor disagree"},"4":{"Display":"Somewhat agree"},"5":{"Display":"Strongly agree"}},"AnswerOrder":[1,2,3,4,5],"ChoiceDataExportTags":false}},{"SurveyID":"SV_elpsoadi2HuidRc","Element":"SQ","PrimaryAttribute":"QID10","SecondaryAttribute":"Is there anything else you would like to share? ","TertiaryAttribute":null,"Payload":{"QuestionText":"Is there anything else you would like to share?&nbsp;","DefaultChoices":false,"DataExportTag":"Q10","QuestionType":"TE","Selector":"ML","DataVisibility":{"Private":false,"Hidden":false},"Configuration":{"QuestionDescriptionOption":"UseText"},"QuestionDescription":"Is there anything else you would like to share? ","Validation":{"Settings":{"ForceResponse":"OFF","Type":"None"}},"GradingData":[],"Language":[],"NextChoiceId":4,"NextAnswerId":1,"SearchSource":{"AllowFreeResponse":"false"},"QuestionID":"QID10"}},{"SurveyID":"SV_elpsoadi2HuidRc","Element":"SQ","PrimaryAttribute":"QID11","SecondaryAttribute":"The following questions concern your listening experience of the playlist in general. ","TertiaryAttribute":null,"Payload":{"QuestionText":"The following questions concern your listening experience of the playlist in general.&nbsp;","DefaultChoices":false,"DataExportTag":"Q11","QuestionType":"DB","Selector":"TB","DataVisibility":{"Private":false,"Hidden":false},"Configuration":{"QuestionDescriptionOption":"UseText"},"QuestionDescription":"The following questions concern your listening experience of the playlist in general. ","ChoiceOrder":[],"Validation":{"Settings":{"Type":"None"}},"GradingData":[],"Language":[],"NextChoiceId":4,"NextAnswerId":1,"QuestionID":"QID11"}},{"SurveyID":"SV_elpsoadi2HuidRc","Element":"SQ","PrimaryAttribute":"QID2","SecondaryAttribute":"The spoken introductons were","TertiaryAttribute":null,"Payload":{"QuestionText":"The spoken introductons were","DefaultChoices":false,"DataExportTag":"Quality check","QuestionType":"Matrix","Selector":"Likert","SubSelector":"SingleAnswer","DataVisibility":{"Private":false,"Hidden":false},"Configuration":{"QuestionDescriptionOption":"UseText","TextPosition":"inline","ChoiceColumnWidth":25,"RepeatHeaders":"none","WhiteSpace":"OFF","MobileFirst":true,"Autoscale":{"XScale":{"Name":"agreeDisagree","Type":"likert","Reverse":false}}},"QuestionDescription":"The spoken introductons were","Choices":{"1":{"Display":"Clearly articulated"},"2":{"Display":"Of good audio quality"},"3":{"Display":"Of good content quality"},"4":{"Display":"Too superficial"},"5":{"Display":"Boring"}},"ChoiceOrder":[1,2,3,4,5],"Validation":{"Settings":{"ForceResponse":"OFF","Type":"None"}},"GradingData":[],"Language":[],"NextChoiceId":6,"NextAnswerId":6,"Answers":{"1":{"Display":"Strongly disagree"},"2":{"Display":"Somewhat disagree"},"3":{"Display":"Neither agree nor disagree"},"4":{"Display":"Somewhat agree"},"5":{"Display":"Strongly agree"}},"AnswerOrder":[1,2,3,4,5],"ChoiceDataExportTags":false,"QuestionID":"QID2"}},{"SurveyID":"SV_elpsoadi2HuidRc","Element":"SQ","PrimaryAttribute":"QID3","SecondaryAttribute":"The playlist was surprising to me","TertiaryAttribute":null,"Payload":{"QuestionText":"The playlist was surprising to me","DefaultChoices":false,"DataExportTag":"Serendipity","QuestionID":"QID3","QuestionType":"MC","Selector":"SAVR","SubSelector":"TX","DataVisibility":{"Private":false,"Hidden":false},"Configuration":{"QuestionDescriptionOption":"UseText","TextPosition":"inline"},"QuestionDescription":"The playlist was surprising to me","Choices":{"1":{"Display":"Strongly disagree"},"2":{"Display":"Disagree"},"3":{"Display":"Neutral"},"4":{"Display":"Agree"},"5":{"Display":"Strongly agree"}},"ChoiceOrder":[1,2,3,4,5],"Validation":{"Settings":{"ForceResponse":"OFF","Type":"None"}},"GradingData":[],"Language":[],"NextChoiceId":6,"NextAnswerId":4}},{"SurveyID":"SV_elpsoadi2HuidRc","Element":"SQ","PrimaryAttribute":"QID4","SecondaryAttribute":"I enjoyed listening to the music","TertiaryAttribute":null,"Payload":{"QuestionText":"I enjoyed listening to the music","DataExportTag":"Q4","QuestionType":"MC","Selector":"SAVR","SubSelector":"TX","DataVisibility":{"Private":false,"Hidden":false},"Configuration":{"QuestionDescriptionOption":"UseText","Autoscale":{"YScale":{"Name":"agreeDisagree","Type":"likert","Reverse":false}}},"QuestionDescription":"I enjoyed listening to the music","Choices":{"1":{"Display":"Strongly disagree"},"2":{"Display":"Somewhat disagree"},"3":{"Display":"Neither agree nor disagree"},"4":{"Display":"Somewhat agree"},"5":{"Display":"Strongly agree"}},"ChoiceOrder":["1","2","3","4","5"],"Validation":{"Settings":{"ForceResponse":"OFF","Type":"None"}},"Language":[],"NextChoiceId":6,"NextAnswerId":1,"QuestionID":"QID4"}},{"SurveyID":"SV_elpsoadi2HuidRc","Element":"SQ","PrimaryAttribute":"QID5","SecondaryAttribute":"I would like to listen to more music from this genre","TertiaryAttribute":null,"Payload":{"QuestionText":"I would like to listen to more music from this genre","DataExportTag":"Q5","QuestionType":"MC","Selector":"SAVR","SubSelector":"TX","DataVisibility":{"Private":false,"Hidden":false},"Configuration":{"QuestionDescriptionOption":"UseText"},"QuestionDescription":"I would like to listen to more music from this genre","Choices":{"1":{"Display":"Strongly disagree"},"2":{"Display":"Somewhat disagree"},"3":{"Display":"Neither agree nor disagree"},"4":{"Display":"Somewhat agree"},"5":{"Display":"Strongly agree"}},"ChoiceOrder":[1,2,3,4,5],"Validation":{"Settings":{"ForceResponse":"OFF","Type":"None"}},"Language":[],"NextChoiceId":6,"NextAnswerId":1,"QuestionID":"QID5"}},{"SurveyID":"SV_elpsoadi2HuidRc","Element":"SQ","PrimaryAttribute":"QID6","SecondaryAttribute":"The spoken introductions were clearly articulated","TertiaryAttribute":null,"Payload":{"QuestionText":"The spoken introductions were clearly articulated","DataExportTag":"Q6","QuestionType":"MC","Selector":"SAVR","SubSelector":"TX","DataVisibility":{"Private":false,"Hidden":false},"Configuration":{"QuestionDescriptionOption":"UseText","Autoscale":{"YScale":{"Name":"agreeDisagree","Type":"likert","Reverse":false}}},"QuestionDescription":"The spoken introductions were clearly articulated","Choices":{"1":{"Display":"Strongly disagree"},"2":{"Display":"Somewhat disagree"},"3":{"Display":"Neither agree nor disagree"},"4":{"Display":"Somewhat agree"},"5":{"Display":"Strongly agree"}},"ChoiceOrder":["1","2","3","4","5"],"Validation":{"Settings":{"ForceResponse":"OFF","Type":"None"}},"Language":[],"NextChoiceId":6,"NextAnswerId":1,"QuestionID":"QID6"}},{"SurveyID":"SV_elpsoadi2HuidRc","Element":"SQ","PrimaryAttribute":"QID7","SecondaryAttribute":"The spoken introductions were of good audio quality","TertiaryAttribute":null,"Payload":{"QuestionText":"The spoken introductions were of good audio quality<br><br>","DataExportTag":"Q7","QuestionType":"MC","Selector":"SAVR","SubSelector":"TX","DataVisibility":{"Private":false,"Hidden":false},"Configuration":{"QuestionDescriptionOption":"UseText","Autoscale":{"YScale":{"Name":"agreeDisagree","Type":"likert","Reverse":false}}},"QuestionDescription":"The spoken introductions were of good audio quality","Choices":{"1":{"Display":"Strongly disagree"},"2":{"Display":"Somewhat disagree"},"3":{"Display":"Neither agree nor disagree"},"4":{"Display":"Somewhat agree"},"5":{"Display":"Strongly agree"}},"ChoiceOrder":["1","2","3","4","5"],"Validation":{"Settings":{"ForceResponse":"OFF","Type":"None"}},"Language":[],"NextChoiceId":6,"NextAnswerId":1,"QuestionID":"QID7"}},{"SurveyID":"SV_elpsoadi2HuidRc","Element":"SQ","PrimaryAttribute":"QID8","SecondaryAttribute":"The spoken introductions were interesting\u00a0","TertiaryAttribute":null,"Payload":{"QuestionText":"The spoken introductions were interesting&nbsp;<br><br>","DataExportTag":"Q8","QuestionType":"MC","Selector":"SAVR","SubSelector":"TX","DataVisibility":{"Private":false,"Hidden":false},"Configuration":{"QuestionDescriptionOption":"UseText","Autoscale":{"YScale":{"Name":"agreeDisagree","Type":"likert","Reverse":false}}},"QuestionDescription":"The spoken introductions were interesting\u00a0","Choices":{"1":{"Display":"Strongly disagree"},"2":{"Display":"Somewhat disagree"},"3":{"Display":"Neither agree nor disagree"},"4":{"Display":"Somewhat agree"},"5":{"Display":"Strongly agree"}},"ChoiceOrder":["1","2","3","4","5"],"Validation":{"Settings":{"ForceResponse":"OFF","Type":"None"}},"Language":[],"NextChoiceId":6,"NextAnswerId":1,"QuestionID":"QID8"}},{"SurveyID":"SV_elpsoadi2HuidRc","Element":"SQ","PrimaryAttribute":"QID9","SecondaryAttribute":"The spoken introductions were annoying\u00a0","TertiaryAttribute":null,"Payload":{"QuestionText":"The spoken introductions were annoying&nbsp;<br><br>","DataExportTag":"Q9","QuestionType":"MC","Selector":"SAVR","SubSelector":"TX","DataVisibility":{"Private":false,"Hidden":false},"Configuration":{"QuestionDescriptionOption":"UseText","Autoscale":{"YScale":{"Name":"agreeDisagree","Type":"likert","Reverse":false}}},"QuestionDescription":"The spoken introductions were annoying\u00a0","Choices":{"1":{"Display":"Strongly disagree"},"2":{"Display":"Somewhat disagree"},"3":{"Display":"Neither agree nor disagree"},"4":{"Display":"Somewhat agree"},"5":{"Display":"Strongly agree"}},"ChoiceOrder":["1","2","3","4","5"],"Validation":{"Settings":{"ForceResponse":"OFF","Type":"None"}},"Language":[],"NextChoiceId":6,"NextAnswerId":1,"QuestionID":"QID9"}},{"SurveyID":"SV_elpsoadi2HuidRc","Element":"STAT","PrimaryAttribute":"Survey Statistics","SecondaryAttribute":null,"TertiaryAttribute":null,"Payload":{"MobileCompatible":true,"ID":"Survey Statistics"}}]}