{"SurveyEntry":{"SurveyID":"SV_9ouHkUMdCdyKmSa","SurveyName":"Pre_list - demographics","SurveyDescription":null,"SurveyOwnerID":"UR_1UgopRdXwGqEgrs","SurveyBrandID":"vub","DivisionID":null,"SurveyLanguage":"EN","SurveyActiveResponseSet":"RS_bfKBt9IJcNOTOF8","SurveyStatus":"Inactive","SurveyStartDate":"0000-00-00 00:00:00","SurveyExpirationDate":"0000-00-00 00:00:00","SurveyCreationDate":"2025-10-27 03:36:56","CreatorID":"UR_1UgopRdXwGqEgrs","LastModified":"2025-10-27 03:37:40","LastAccessed":"0000-00-00 00:00:00","LastActivated":"0000-00-00 00:00:00","Deleted":null},"SurveyElements":[{"SurveyID":"SV_9ouHkUMdCdyKmSa","Element":"BL","PrimaryAttribute":"Survey Blocks","SecondaryAttribute":null,"TertiaryAttribute":null,"Payload":{"1":{"Type":"Trash","Description":"Trash \/ Unused Questions","ID":"BL_3e2kPhMueAo9ch0","BlockElements":[],"Options":{"BlockLocking":"false","RandomizeQuestions":"false","BlockVisibility":"Expanded"}},"4":{"Type":"Standard","SubType":"","Description":"Demographics","ID":"BL_9ERu4yij2IHXGXY","BlockElements":[{"Type":"Question","QuestionID":"QID10"},{"Type":"Page Break"},{"Type":"Question","QuestionID":"QID11"},{"Type":"Page Break"},{"Type":"Question","QuestionID":"QID1218898227"}],"Options":{"BlockLocking":"false","RandomizeQuestions":"false","BlockVisibility":"Expanded"}}}},{"SurveyID":"SV_9ouHkUMdCdyKmSa","Element":"FL","PrimaryAttribute":"Survey Flow","SecondaryAttribute":null,"TertiaryAttribute":null,"Payload":{"Type":"Root","FlowID":"FL_1","Flow":[{"Type":"BlockRandomizer","FlowID":"FL_13","SubSet":0,"Flow":[]},{"Type":"Standard","ID":"BL_9ERu4yij2IHXGXY","FlowID":"FL_5","Autofill":[]}],"Properties":{"Count":13}}},{"SurveyID":"SV_9ouHkUMdCdyKmSa","Element":"NT","PrimaryAttribute":"NT_9Tc15cidZkfkcIu","SecondaryAttribute":null,"TertiaryAttribute":null,"Payload":{"Notes":[{"Message":"too long","ID":"NO_9nqTMB9eGOxO0jI","UserID":"UR_9QzumdT2kFau3Xf","Timestamp":1761066673,"Removed":false}],"UserStatuses":{"UR_9QzumdT2kFau3Xf":"Expanded"},"ParentID":"QID2","ID":"NT_9Tc15cidZkfkcIu"}},{"SurveyID":"SV_9ouHkUMdCdyKmSa","Element":"NT","PrimaryAttribute":"NT_blUSY5keEe583Wu","SecondaryAttribute":null,"TertiaryAttribute":null,"Payload":{"Notes":[{"Message":"Still to be determined which questions are integrated","ID":"NO_9z6fralM4ggU50O","UserID":"UR_9QzumdT2kFau3Xf","Timestamp":1760094107,"Removed":true}],"UserStatuses":{"UR_9QzumdT2kFau3Xf":"Expanded"},"ParentID":"QID1","ID":"NT_blUSY5keEe583Wu"}},{"SurveyID":"SV_9ouHkUMdCdyKmSa","Element":"NT","PrimaryAttribute":"NT_cMupMwMqSbNKmXA","SecondaryAttribute":null,"TertiaryAttribute":null,"Payload":{"Notes":[{"Message":"Too long","ID":"NO_79xJmnp42G9PNeC","UserID":"UR_9QzumdT2kFau3Xf","Timestamp":1761066691,"Removed":false},{"Message":"And also not really convinced of the relevance of this type of listening. I'm more interested in people's interest behind the creation of the song more in general","ID":"NO_0pm4lPmAKsWcpsq","UserID":"UR_9QzumdT2kFau3Xf","Timestamp":1761066943,"Removed":false}],"UserStatuses":{"UR_9QzumdT2kFau3Xf":"Expanded"},"ParentID":"QID4","ID":"NT_cMupMwMqSbNKmXA"}},{"SurveyID":"SV_9ouHkUMdCdyKmSa","Element":"PL","PrimaryAttribute":"Preview Link","SecondaryAttribute":null,"TertiaryAttribute":null,"Payload":{"PreviewType":"Brand","PreviewID":"d9a7784f-3c61-47f4-85c9-495a24dc8869"}},{"SurveyID":"SV_9ouHkUMdCdyKmSa","Element":"PROJ","PrimaryAttribute":"CORE","SecondaryAttribute":null,"TertiaryAttribute":"1.1.0","Payload":{"ProjectCategory":"CORE","SchemaVersion":"1.1.0"}},{"SurveyID":"SV_9ouHkUMdCdyKmSa","Element":"QC","PrimaryAttribute":"Survey Question Count","SecondaryAttribute":"51","TertiaryAttribute":null,"Payload":null},{"SurveyID":"SV_9ouHkUMdCdyKmSa","Element":"RS","PrimaryAttribute":"RS_bfKBt9IJcNOTOF8","SecondaryAttribute":null,"TertiaryAttribute":null,"Payload":null},{"SurveyID":"SV_9ouHkUMdCdyKmSa","Element":"SCO","PrimaryAttribute":"Scoring","SecondaryAttribute":null,"TertiaryAttribute":null,"Payload":{"ScoringCategories":[],"ScoringCategoryGroups":[],"ScoringSummaryCategory":null,"ScoringSummaryAfterQuestions":0,"ScoringSummaryAfterSurvey":0,"DefaultScoringCategory":null,"AutoScoringCategory":null}},{"SurveyID":"SV_9ouHkUMdCdyKmSa","Element":"SO","PrimaryAttribute":"Survey Options","SecondaryAttribute":null,"TertiaryAttribute":null,"Payload":{"BackButton":"false","SaveAndContinue":"true","SurveyProtection":"PublicSurvey","BallotBoxStuffingPrevention":"false","NoIndex":"Yes","SecureResponseFiles":"true","SurveyExpiration":"None","SurveyTermination":"DefaultMessage","Header":"","Footer":"","ProgressBarDisplay":"None","PartialData":"+1 week","ValidationMessage":"","PreviousButton":"","NextButton":"","SurveyTitle":"Qualtrics Survey | Qualtrics Experience Management","SkinLibrary":"vub","SkinType":"templated","Skin":{"brandingId":"6316798658","templateId":"*base","overrides":null},"NewScoring":1,"SurveyMetaDescription":"The most powerful, simple and trusted way to gather experience data. Start your journey to experience management and try a free account today."}},{"SurveyID":"SV_9ouHkUMdCdyKmSa","Element":"SQ","PrimaryAttribute":"QID10","SecondaryAttribute":"How do you describe yourself?","TertiaryAttribute":null,"Payload":{"ChoiceOrder":[1,2,3,4,5],"Choices":{"1":{"Display":"Male"},"2":{"Display":"Female"},"3":{"Display":"Non-binary \/ third gender"},"4":{"Display":"Prefer to self-describe","TextEntry":"true"},"5":{"Display":"Prefer not to say"}},"Configuration":{"QuestionDescriptionOption":"UseText"},"DataVisibility":{"Hidden":false,"Private":false},"GradingData":[],"Language":{"DE":{"QuestionText":"Wie beschreiben Sie sich selbst?","Choices":{"1":{"Display":"M\u00e4nnlich"},"2":{"Display":"Weiblich"},"3":{"Display":"Nichtbin\u00e4r\/drittes Geschlecht"},"4":{"Display":"Selbstbeschreibung bevorzugt"},"5":{"Display":"Keine Angabe"}}},"EN-GB":{"QuestionText":"How do you describe yourself?","Choices":{"1":{"Display":"Male"},"2":{"Display":"Female"},"3":{"Display":"Non-binary \/ third gender"},"4":{"Display":"Prefer to self-describe"},"5":{"Display":"Prefer not to say"}}},"ES":{"QuestionText":"\u00bfC\u00f3mo se describe a usted mismo?","Choices":{"1":{"Display":"Masculino"},"2":{"Display":"Femenino"},"3":{"Display":"No binario \/ tercer sexo"},"4":{"Display":"Preferencia de autodescripci\u00f3n"},"5":{"Display":"Preferencia de no especificar"}}},"ES-ES":{"QuestionText":"\u00bfC\u00f3mo se describe a s\u00ed mismo?","Choices":{"1":{"Display":"Masculino"},"2":{"Display":"Femenino"},"3":{"Display":"No binario \/ tercer g\u00e9nero"},"4":{"Display":"Prefiere autodescribirse"},"5":{"Display":"Prefiero no decirlo"}}},"FR":{"QuestionText":"Comment vous d\u00e9crivez-vous\u00a0?","Choices":{"1":{"Display":"Un homme"},"2":{"Display":"Une femme"},"3":{"Display":"Non-binaire\/transgenre"},"4":{"Display":"Pr\u00e9f\u00e8re se d\u00e9crire soi-m\u00eame"},"5":{"Display":"Ne souhaite pas r\u00e9pondre"}}},"IT":{"QuestionText":"Come descrivi te stesso\/a?","Choices":{"1":{"Display":"Maschio"},"2":{"Display":"Femmina"},"3":{"Display":"Genere non-binario\/Terzo genere"},"4":{"Display":"Preferisco descrivermi personalmente"},"5":{"Display":"Preferisco non dirlo"}}},"JA":{"QuestionText":"\u81ea\u8eab\u306e\u6027\u8a8d\u8b58","Choices":{"1":{"Display":"\u7537\u6027"},"2":{"Display":"\u5973\u6027"},"3":{"Display":"\u30ce\u30f3\u30d0\u30a4\u30ca\u30ea\u30fc\uff0f\u7b2c\u4e09\u306e\u6027\u5225"},"4":{"Display":"\u81ea\u5206\u3067\u8a18\u8ff0\u3059\u308b"},"5":{"Display":"\u56de\u7b54\u3057\u305f\u304f\u306a\u3044"}}},"KO":{"QuestionText":"\ubcf8\uc778\uc744 \uc5b4\ub5bb\uac8c \uc124\uba85\ud558\uc2dc\uaca0\uc2b5\ub2c8\uae4c?","Choices":{"1":{"Display":"\ub0a8\uc131"},"2":{"Display":"\uc5ec\uc131"},"3":{"Display":"\ub17c\ubc14\uc774\ub108\ub9ac\/\uc81c3\uc758 \uc131"},"4":{"Display":"\uc790\uccb4 \uc124\uba85 \uc120\ud638"},"5":{"Display":"\ub9d0\uc218\uac00 \uc801\uc740 \ud3b8"}}},"NL":{"QuestionText":"Hoe omschrijft u uzelf?","Choices":{"1":{"Display":"Man"},"2":{"Display":"Vrouw"},"3":{"Display":"Non-binair\/derde geslacht"},"4":{"Display":"Ik geef liever een eigen omschrijving"},"5":{"Display":"Ik zeg dat liever niet"}}},"PT-BR":{"QuestionText":"Como voc\u00ea se descreve?","Choices":{"1":{"Display":"Masculino"},"2":{"Display":"Feminino"},"3":{"Display":"N\u00e3o bin\u00e1rio\/terceiro g\u00eanero"},"4":{"Display":"Prefere a autodescri\u00e7\u00e3o"},"5":{"Display":"Prefere n\u00e3o dizer"}}},"ZH-S":{"QuestionText":"\u60a8\u4f1a\u5982\u4f55\u5f62\u5bb9\u81ea\u5df1\uff1f","Choices":{"1":{"Display":"\u7537"},"2":{"Display":"\u5973"},"3":{"Display":"\u975e\u4e8c\u5143\u6027\u522b\/\u7b2c\u4e09\u6027\u522b"},"4":{"Display":"\u66f4\u5e0c\u671b\u81ea\u6211\u63cf\u8ff0"},"5":{"Display":"\u4fdd\u5bc6"}}},"ZH-T":{"QuestionText":"\u60a8\u5982\u4f55\u63cf\u8ff0\u81ea\u5df1\uff1f","Choices":{"1":{"Display":"\u7537"},"2":{"Display":"\u5973"},"3":{"Display":"\u975e\u4e8c\u5143\u6027\u5225\/\u7b2c\u4e09\u6027\u5225"},"4":{"Display":"\u5e0c\u671b\u81ea\u5df1\u63cf\u8ff0"},"5":{"Display":"\u4fdd\u5bc6"}}}},"NextAnswerId":1,"NextChoiceId":6,"QuestionDescription":"How do you describe yourself?","QuestionText":"How do you describe yourself?","QuestionText_Unsafe":"How do you describe yourself?","QuestionType":"MC","ReferenceQuestionConfig":{"instanceOf":{"id":"RQ_qlbaoGS6Hd15XPb","version":"v2.0.0"}},"SchemaConfig":{"ChoiceMapping":{"1":"enu:\/\/male","2":"enu:\/\/female","3":"enu:\/\/nonbinary","4":"enu:\/\/selfdescribe","5":"enu:\/\/prefernottosay"},"ChoiceMappingType":"Member","ChoiceTextMapping":{"4":"ses:\/\/genderselfdescribe"},"ConfigVersion":"1.0.0","Reconfirm":true,"URL":"ses:\/\/gender","XMDConnect":true},"Selector":"SAVR","SubSelector":"TX","Validation":{"Settings":{"ForceResponse":"OFF","ForceResponseType":"ON","Type":"None"}},"DataExportTag":"Gender ","QuestionID":"QID10"}},{"SurveyID":"SV_9ouHkUMdCdyKmSa","Element":"SQ","PrimaryAttribute":"QID11","SecondaryAttribute":"What is your year of birth?\u00a0","TertiaryAttribute":null,"Payload":{"QuestionText":"What is your year of birth?&nbsp;<br>","DefaultChoices":false,"DataExportTag":"Age","QuestionType":"TE","Selector":"ML","DataVisibility":{"Private":false,"Hidden":false},"Configuration":{"QuestionDescriptionOption":"UseText"},"QuestionDescription":"What is your year of birth?\u00a0","Validation":{"Settings":{"ForceResponse":"OFF","Type":"CharRange","MinChars":"4","TotalChars":"4"}},"GradingData":[],"Language":[],"NextChoiceId":4,"NextAnswerId":1,"SearchSource":{"AllowFreeResponse":"false"},"QuestionID":"QID11"}},{"SurveyID":"SV_9ouHkUMdCdyKmSa","Element":"SQ","PrimaryAttribute":"QID1218898227","SecondaryAttribute":"List of Countries","TertiaryAttribute":null,"Payload":{"QuestionText":"In which country do you currently reside?","QuestionType":"MC","Selector":"DL","Configuration":{"QuestionDescriptionOption":"SpecifyLabel","NumColumns":2,"LabelPosition":"BELOW"},"QuestionDescription":"List of Countries","Choices":{"1":{"Display":"Afghanistan"},"2":{"Display":"Albania"},"3":{"Display":"Algeria"},"4":{"Display":"Andorra"},"5":{"Display":"Angola"},"6":{"Display":"Antigua and Barbuda"},"7":{"Display":"Argentina"},"8":{"Display":"Armenia"},"9":{"Display":"Australia"},"10":{"Display":"Austria"},"11":{"Display":"Azerbaijan"},"12":{"Display":"Bahamas"},"13":{"Display":"Bahrain"},"14":{"Display":"Bangladesh"},"15":{"Display":"Barbados"},"16":{"Display":"Belarus"},"17":{"Display":"Belgium"},"18":{"Display":"Belize"},"19":{"Display":"Benin"},"20":{"Display":"Bhutan"},"21":{"Display":"Bolivia"},"22":{"Display":"Bosnia and Herzegovina"},"23":{"Display":"Botswana"},"24":{"Display":"Brazil"},"25":{"Display":"Brunei Darussalam"},"26":{"Display":"Bulgaria"},"27":{"Display":"Burkina Faso"},"28":{"Display":"Burundi"},"29":{"Display":"Cambodia"},"30":{"Display":"Cameroon"},"31":{"Display":"Canada"},"32":{"Display":"Cape Verde"},"33":{"Display":"Central African Republic"},"34":{"Display":"Chad"},"35":{"Display":"Chile"},"36":{"Display":"China"},"37":{"Display":"Colombia"},"38":{"Display":"Comoros"},"39":{"Display":"Congo, Republic of the..."},"40":{"Display":"Costa Rica"},"41":{"Display":"C\u00f4te d'Ivoire"},"42":{"Display":"Croatia"},"43":{"Display":"Cuba"},"44":{"Display":"Cyprus"},"45":{"Display":"Czech Republic"},"47":{"Display":"Democratic Republic of the Congo"},"48":{"Display":"Denmark"},"49":{"Display":"Djibouti"},"50":{"Display":"Dominica"},"51":{"Display":"Dominican Republic"},"52":{"Display":"Ecuador"},"53":{"Display":"Egypt"},"54":{"Display":"El Salvador"},"55":{"Display":"Equatorial Guinea"},"56":{"Display":"Eritrea"},"57":{"Display":"Estonia"},"58":{"Display":"Ethiopia"},"59":{"Display":"Fiji"},"60":{"Display":"Finland"},"61":{"Display":"France"},"62":{"Display":"Gabon"},"63":{"Display":"Gambia"},"64":{"Display":"Georgia"},"65":{"Display":"Germany"},"66":{"Display":"Ghana"},"67":{"Display":"Greece"},"68":{"Display":"Grenada"},"69":{"Display":"Guatemala"},"70":{"Display":"Guinea"},"71":{"Display":"Guinea-Bissau"},"72":{"Display":"Guyana"},"73":{"Display":"Haiti"},"74":{"Display":"Honduras"},"75":{"Display":"Hong Kong (S.A.R.)"},"76":{"Display":"Hungary"},"77":{"Display":"Iceland"},"78":{"Display":"India"},"79":{"Display":"Indonesia"},"80":{"Display":"Iran"},"81":{"Display":"Iraq"},"82":{"Display":"Ireland"},"83":{"Display":"Israel"},"84":{"Display":"Italy"},"85":{"Display":"Jamaica"},"86":{"Display":"Japan"},"87":{"Display":"Jordan"},"88":{"Display":"Kazakhstan"},"89":{"Display":"Kenya"},"90":{"Display":"Kiribati"},"91":{"Display":"Kuwait"},"92":{"Display":"Kyrgyzstan"},"93":{"Display":"Lao People's Democratic Republic"},"94":{"Display":"Latvia"},"95":{"Display":"Lebanon"},"96":{"Display":"Lesotho"},"97":{"Display":"Liberia"},"98":{"Display":"Libyan Arab Jamahiriya"},"99":{"Display":"Liechtenstein"},"100":{"Display":"Lithuania"},"101":{"Display":"Luxembourg"},"102":{"Display":"Madagascar"},"103":{"Display":"Malawi"},"104":{"Display":"Malaysia"},"105":{"Display":"Maldives"},"106":{"Display":"Mali"},"107":{"Display":"Malta"},"108":{"Display":"Marshall Islands"},"109":{"Display":"Mauritania"},"110":{"Display":"Mauritius"},"111":{"Display":"Mexico"},"112":{"Display":"Micronesia, Federated States of..."},"113":{"Display":"Monaco"},"114":{"Display":"Mongolia"},"115":{"Display":"Montenegro"},"116":{"Display":"Morocco"},"117":{"Display":"Mozambique"},"118":{"Display":"Myanmar"},"119":{"Display":"Namibia"},"120":{"Display":"Nauru"},"121":{"Display":"Nepal"},"122":{"Display":"Netherlands"},"123":{"Display":"New Zealand"},"124":{"Display":"Nicaragua"},"125":{"Display":"Niger"},"126":{"Display":"Nigeria"},"127":{"Display":"North Korea"},"128":{"Display":"Norway"},"129":{"Display":"Oman"},"130":{"Display":"Pakistan"},"131":{"Display":"Palau"},"132":{"Display":"Panama"},"133":{"Display":"Papua New Guinea"},"134":{"Display":"Paraguay"},"135":{"Display":"Peru"},"136":{"Display":"Philippines"},"137":{"Display":"Poland"},"138":{"Display":"Portugal"},"139":{"Display":"Qatar"},"141":{"Display":"Republic of Moldova"},"142":{"Display":"Romania"},"143":{"Display":"Russian Federation"},"144":{"Display":"Rwanda"},"145":{"Display":"Saint Kitts and Nevis"},"146":{"Display":"Saint Lucia"},"147":{"Display":"Saint Vincent and the Grenadines"},"148":{"Display":"Samoa"},"149":{"Display":"San Marino"},"150":{"Display":"Sao Tome and Principe"},"151":{"Display":"Saudi Arabia"},"152":{"Display":"Senegal"},"153":{"Display":"Serbia"},"154":{"Display":"Seychelles"},"155":{"Display":"Sierra Leone"},"156":{"Display":"Singapore"},"157":{"Display":"Slovakia"},"158":{"Display":"Slovenia"},"159":{"Display":"Solomon Islands"},"160":{"Display":"Somalia"},"161":{"Display":"South Africa"},"162":{"Display":"South Korea"},"163":{"Display":"Spain"},"164":{"Display":"Sri Lanka"},"165":{"Display":"Sudan"},"166":{"Display":"Suriname"},"167":{"Display":"Swaziland"},"168":{"Display":"Sweden"},"169":{"Display":"Switzerland"},"170":{"Display":"Syrian Arab Republic"},"171":{"Display":"Tajikistan"},"172":{"Display":"Thailand"},"173":{"Display":"The former Yugoslav Republic of Macedonia"},"174":{"Display":"Timor-Leste"},"175":{"Display":"Togo"},"176":{"Display":"Tonga"},"177":{"Display":"Trinidad and Tobago"},"178":{"Display":"Tunisia"},"179":{"Display":"Turkey"},"180":{"Display":"Turkmenistan"},"181":{"Display":"Tuvalu"},"182":{"Display":"Uganda"},"183":{"Display":"Ukraine"},"184":{"Display":"United Arab Emirates"},"185":{"Display":"United Kingdom of Great Britain and Northern Ireland"},"186":{"Display":"United Republic of Tanzania"},"187":{"Display":"United States of America"},"188":{"Display":"Uruguay"},"189":{"Display":"Uzbekistan"},"190":{"Display":"Vanuatu"},"191":{"Display":"Venezuela, Bolivarian Republic of..."},"192":{"Display":"Viet Nam"},"193":{"Display":"Yemen"},"194":{"Display":"Zambia"},"195":{"Display":"Zimbabwe"}},"ChoiceOrder":[1,2,3,4,5,6,7,8,9,10,11,12,13,14,15,16,17,18,19,20,21,22,23,24,25,26,27,28,29,30,31,32,33,34,35,36,37,38,39,40,41,42,43,44,45,47,48,49,50,51,52,53,54,55,56,57,58,59,60,61,62,63,64,65,66,67,68,69,70,71,72,73,74,75,76,77,78,79,80,81,82,83,84,85,86,87,88,89,90,91,92,93,94,95,96,97,98,99,100,101,102,103,104,105,106,107,108,109,110,111,112,113,114,115,116,117,118,119,120,121,122,123,124,125,126,127,128,129,130,131,132,133,134,135,136,137,138,139,141,142,143,144,145,146,147,148,149,150,151,152,153,154,155,156,157,158,159,160,161,162,163,164,165,166,167,168,169,170,171,172,173,174,175,176,177,178,179,180,181,182,183,184,185,186,187,188,189,190,191,192,193,194,195],"Validation":{"Settings":{"ForceResponse":"OFF","ForceResponseType":"ON","Type":"None"}},"RecodeValues":{"1":1,"2":2,"3":3,"4":4,"5":5,"6":6,"7":7,"8":8,"9":9,"10":10,"11":11,"12":12,"13":13,"14":14,"15":15,"16":16,"17":17,"18":18,"19":19,"20":20,"21":21,"22":22,"23":23,"24":24,"25":25,"26":26,"27":27,"28":28,"29":29,"30":30,"31":31,"32":32,"33":33,"34":34,"35":35,"36":36,"37":37,"38":38,"39":39,"40":40,"41":41,"42":42,"43":43,"44":44,"45":45,"47":47,"48":48,"49":49,"50":50,"51":51,"52":52,"53":53,"54":54,"55":55,"56":56,"57":57,"58":58,"59":59,"60":60,"61":61,"62":62,"63":63,"64":64,"65":65,"66":66,"67":67,"68":68,"69":69,"70":70,"71":71,"72":72,"73":73,"74":74,"75":75,"76":76,"77":77,"78":78,"79":79,"80":80,"81":81,"82":82,"83":83,"84":84,"85":85,"86":86,"87":87,"88":88,"89":89,"90":90,"91":91,"92":92,"93":93,"94":94,"95":95,"96":96,"97":97,"98":98,"99":99,"100":100,"101":101,"102":102,"103":103,"104":104,"105":105,"106":106,"107":107,"108":108,"109":109,"110":110,"111":111,"112":112,"113":113,"114":114,"115":115,"116":116,"117":117,"118":118,"119":119,"120":120,"121":121,"122":122,"123":123,"124":124,"125":125,"126":126,"127":127,"128":128,"129":129,"130":130,"131":131,"132":132,"133":133,"134":134,"135":135,"136":136,"137":137,"138":138,"139":139,"141":141,"142":142,"143":143,"144":144,"145":145,"146":146,"147":147,"148":148,"149":149,"150":150,"151":151,"152":152,"153":153,"154":154,"155":155,"156":156,"157":157,"158":158,"159":159,"160":160,"161":161,"162":162,"163":163,"164":164,"165":165,"166":166,"167":167,"168":168,"169":169,"170":170,"171":171,"172":172,"173":173,"174":174,"175":175,"176":176,"177":177,"178":178,"179":179,"180":180,"181":181,"182":182,"183":183,"184":184,"185":185,"186":186,"187":187,"188":188,"189":189,"190":190,"191":191,"192":192,"193":193,"194":"580","195":"1357"},"GradingData":[],"Language":[],"QuestionText_Unsafe":"In which country do you currently reside?","DataExportTag":"Country of residence","DataVisibility":{"Private":false,"Hidden":false},"NextChoiceId":196,"NextAnswerId":1,"QuestionID":"QID1218898227"}},{"SurveyID":"SV_9ouHkUMdCdyKmSa","Element":"STAT","PrimaryAttribute":"Survey Statistics","SecondaryAttribute":null,"TertiaryAttribute":null,"Payload":{"MobileCompatible":true,"ID":"Survey Statistics"}}]}