{"SurveyEntry":{"SurveyID":"SV_8HqQGt0QtW7nPBc","SurveyName":"Pre_list - Onboarding","SurveyDescription":null,"SurveyOwnerID":"UR_1UgopRdXwGqEgrs","SurveyBrandID":"vub","DivisionID":null,"SurveyLanguage":"EN","SurveyActiveResponseSet":"RS_4MVhK0TfnMKihzU","SurveyStatus":"Inactive","SurveyStartDate":"0000-00-00 00:00:00","SurveyExpirationDate":"0000-00-00 00:00:00","SurveyCreationDate":"2025-10-27 03:38:25","CreatorID":"UR_1UgopRdXwGqEgrs","LastModified":"2025-10-27 03:38:55","LastAccessed":"0000-00-00 00:00:00","LastActivated":"0000-00-00 00:00:00","Deleted":null},"SurveyElements":[{"SurveyID":"SV_8HqQGt0QtW7nPBc","Element":"BL","PrimaryAttribute":"Survey Blocks","SecondaryAttribute":null,"TertiaryAttribute":null,"Payload":{"0":{"Type":"Default","Description":"Imagination","ID":"BL_8tSKZsMsPBrsCRE","BlockElements":[{"Type":"Question","QuestionID":"QID1"},{"Type":"Page Break"},{"Type":"Question","QuestionID":"QID13"},{"Type":"Page Break"},{"Type":"Question","QuestionID":"QID14"},{"Type":"Page Break"},{"Type":"Question","QuestionID":"QID15"},{"Type":"Page Break"},{"Type":"Question","QuestionID":"QID16"},{"Type":"Page Break"},{"Type":"Question","QuestionID":"QID17"},{"Type":"Page Break"},{"Type":"Question","QuestionID":"QID18"},{"Type":"Page Break"},{"Type":"Question","QuestionID":"QID19"},{"Type":"Page Break"},{"Type":"Question","QuestionID":"QID20"}],"Options":{"BlockLocking":"false","RandomizeQuestions":"false","BlockVisibility":"Expanded"}},"1":{"Type":"Trash","Description":"Trash \/ Unused Questions","ID":"BL_3e2kPhMueAo9ch0","BlockElements":[],"Options":{"BlockLocking":"false","RandomizeQuestions":"false","BlockVisibility":"Expanded"}},"2":{"Type":"Standard","SubType":"","Description":"Cognitive engagement","ID":"BL_77cdnkEH5s8ZohM","BlockElements":[{"Type":"Question","QuestionID":"QID37"},{"Type":"Page Break"},{"Type":"Question","QuestionID":"QID38"},{"Type":"Page Break"},{"Type":"Question","QuestionID":"QID39"},{"Type":"Page Break"},{"Type":"Question","QuestionID":"QID40"},{"Type":"Page Break"},{"Type":"Question","QuestionID":"QID41"}],"Options":{"BlockLocking":"false","RandomizeQuestions":"false","BlockVisibility":"Collapsed"}},"3":{"Type":"Standard","SubType":"","Description":"GMSI\u00a0","ID":"BL_3q3EMYWJ2nNwTmC","BlockElements":[{"Type":"Question","QuestionID":"QID42"},{"Type":"Page Break"},{"Type":"Question","QuestionID":"QID49"},{"Type":"Page Break"},{"Type":"Question","QuestionID":"QID51"},{"Type":"Page Break"},{"Type":"Question","QuestionID":"QID50"},{"Type":"Page Break"},{"Type":"Question","QuestionID":"QID6"},{"Type":"Page Break"}],"Options":{"BlockLocking":"false","RandomizeQuestions":"false","BlockVisibility":"Collapsed"}},"6":{"Type":"Standard","SubType":"","Description":"Intellect","ID":"BL_5hCFV8fkImg8ucC","BlockElements":[{"Type":"Question","QuestionID":"QID21"},{"Type":"Page Break"},{"Type":"Question","QuestionID":"QID22"},{"Type":"Page Break"},{"Type":"Question","QuestionID":"QID23"},{"Type":"Page Break"},{"Type":"Question","QuestionID":"QID24"},{"Type":"Page Break"},{"Type":"Question","QuestionID":"QID25"},{"Type":"Page Break"},{"Type":"Question","QuestionID":"QID26"},{"Type":"Page Break"},{"Type":"Question","QuestionID":"QID27"},{"Type":"Page Break"},{"Type":"Question","QuestionID":"QID28"},{"Type":"Page Break"},{"Type":"Question","QuestionID":"QID29"},{"Type":"Page Break"},{"Type":"Question","QuestionID":"QID30"}],"Options":{"BlockLocking":"false","RandomizeQuestions":"false","BlockVisibility":"Collapsed"}},"7":{"Type":"Standard","SubType":"","Description":"Emotional engagement","ID":"BL_0cFjF1tq9JoqlIW","BlockElements":[{"Type":"Question","QuestionID":"QID32"},{"Type":"Page Break"},{"Type":"Question","QuestionID":"QID33"},{"Type":"Page Break"},{"Type":"Question","QuestionID":"QID34"},{"Type":"Page Break"},{"Type":"Question","QuestionID":"QID35"},{"Type":"Page Break"},{"Type":"Question","QuestionID":"QID36"}],"Options":{"BlockLocking":"false","RandomizeQuestions":"false","BlockVisibility":"Collapsed"}}}},{"SurveyID":"SV_8HqQGt0QtW7nPBc","Element":"FL","PrimaryAttribute":"Survey Flow","SecondaryAttribute":null,"TertiaryAttribute":null,"Payload":{"Type":"Root","FlowID":"FL_1","Flow":[{"Type":"BlockRandomizer","FlowID":"FL_13","SubSet":5,"Flow":[{"Type":"Block","ID":"BL_8tSKZsMsPBrsCRE","FlowID":"FL_2","Autofill":[]},{"Type":"Standard","ID":"BL_5hCFV8fkImg8ucC","FlowID":"FL_8","Autofill":[]},{"Type":"Standard","ID":"BL_0cFjF1tq9JoqlIW","FlowID":"FL_9","Autofill":[]},{"Type":"Standard","ID":"BL_3q3EMYWJ2nNwTmC","FlowID":"FL_4","Autofill":[]},{"Type":"Standard","ID":"BL_77cdnkEH5s8ZohM","FlowID":"FL_3","Autofill":[]}]}],"Properties":{"Count":13}}},{"SurveyID":"SV_8HqQGt0QtW7nPBc","Element":"NT","PrimaryAttribute":"NT_9Tc15cidZkfkcIu","SecondaryAttribute":null,"TertiaryAttribute":null,"Payload":{"Notes":[{"Message":"too long","ID":"NO_9nqTMB9eGOxO0jI","UserID":"UR_9QzumdT2kFau3Xf","Timestamp":1761066673,"Removed":false}],"UserStatuses":{"UR_9QzumdT2kFau3Xf":"Expanded"},"ParentID":"QID2","ID":"NT_9Tc15cidZkfkcIu"}},{"SurveyID":"SV_8HqQGt0QtW7nPBc","Element":"NT","PrimaryAttribute":"NT_blUSY5keEe583Wu","SecondaryAttribute":null,"TertiaryAttribute":null,"Payload":{"Notes":[{"Message":"Still to be determined which questions are integrated","ID":"NO_9z6fralM4ggU50O","UserID":"UR_9QzumdT2kFau3Xf","Timestamp":1760094107,"Removed":true}],"UserStatuses":{"UR_9QzumdT2kFau3Xf":"Expanded"},"ParentID":"QID1","ID":"NT_blUSY5keEe583Wu"}},{"SurveyID":"SV_8HqQGt0QtW7nPBc","Element":"NT","PrimaryAttribute":"NT_cMupMwMqSbNKmXA","SecondaryAttribute":null,"TertiaryAttribute":null,"Payload":{"Notes":[{"Message":"Too long","ID":"NO_79xJmnp42G9PNeC","UserID":"UR_9QzumdT2kFau3Xf","Timestamp":1761066691,"Removed":false},{"Message":"And also not really convinced of the relevance of this type of listening. I'm more interested in people's interest behind the creation of the song more in general","ID":"NO_0pm4lPmAKsWcpsq","UserID":"UR_9QzumdT2kFau3Xf","Timestamp":1761066943,"Removed":false}],"UserStatuses":{"UR_9QzumdT2kFau3Xf":"Expanded"},"ParentID":"QID4","ID":"NT_cMupMwMqSbNKmXA"}},{"SurveyID":"SV_8HqQGt0QtW7nPBc","Element":"PL","PrimaryAttribute":"Preview Link","SecondaryAttribute":null,"TertiaryAttribute":null,"Payload":{"PreviewType":"Brand","PreviewID":"c29fb768-a15f-45d7-935b-e171d45ac0e0"}},{"SurveyID":"SV_8HqQGt0QtW7nPBc","Element":"PROJ","PrimaryAttribute":"CORE","SecondaryAttribute":null,"TertiaryAttribute":"1.1.0","Payload":{"ProjectCategory":"CORE","SchemaVersion":"1.1.0"}},{"SurveyID":"SV_8HqQGt0QtW7nPBc","Element":"QC","PrimaryAttribute":"Survey Question Count","SecondaryAttribute":"51","TertiaryAttribute":null,"Payload":null},{"SurveyID":"SV_8HqQGt0QtW7nPBc","Element":"RS","PrimaryAttribute":"RS_4MVhK0TfnMKihzU","SecondaryAttribute":null,"TertiaryAttribute":null,"Payload":null},{"SurveyID":"SV_8HqQGt0QtW7nPBc","Element":"SCO","PrimaryAttribute":"Scoring","SecondaryAttribute":null,"TertiaryAttribute":null,"Payload":{"ScoringCategories":[],"ScoringCategoryGroups":[],"ScoringSummaryCategory":null,"ScoringSummaryAfterQuestions":0,"ScoringSummaryAfterSurvey":0,"DefaultScoringCategory":null,"AutoScoringCategory":null}},{"SurveyID":"SV_8HqQGt0QtW7nPBc","Element":"SO","PrimaryAttribute":"Survey Options","SecondaryAttribute":null,"TertiaryAttribute":null,"Payload":{"BackButton":"false","SaveAndContinue":"true","SurveyProtection":"PublicSurvey","BallotBoxStuffingPrevention":"false","NoIndex":"Yes","SecureResponseFiles":"true","SurveyExpiration":"None","SurveyTermination":"DefaultMessage","Header":"","Footer":"","ProgressBarDisplay":"None","PartialData":"+1 week","ValidationMessage":"","PreviousButton":"","NextButton":"","SurveyTitle":"Qualtrics Survey | Qualtrics Experience Management","SkinLibrary":"vub","SkinType":"templated","Skin":{"brandingId":"6316798658","templateId":"*base","overrides":null},"NewScoring":1,"SurveyMetaDescription":"The most powerful, simple and trusted way to gather experience data. Start your journey to experience management and try a free account today."}},{"SurveyID":"SV_8HqQGt0QtW7nPBc","Element":"SQ","PrimaryAttribute":"QID1","SecondaryAttribute":"I have a vivid imagination ","TertiaryAttribute":null,"Payload":{"QuestionText":"I have a vivid imagination&nbsp;","DataExportTag":" ","QuestionType":"MC","Selector":"SAVR","SubSelector":"TX","DataVisibility":{"Private":false,"Hidden":false},"Configuration":{"QuestionDescriptionOption":"UseText","Autoscale":{"YScale":{"Name":"agreeDisagree","Type":"likert","Reverse":false}}},"QuestionDescription":"I have a vivid imagination ","Choices":{"1":{"Display":"Strongly disagree"},"2":{"Display":"Somewhat disagree"},"3":{"Display":"Neither agree nor disagree"},"4":{"Display":"Somewhat agree"},"5":{"Display":"Strongly agree"}},"ChoiceOrder":[1,2,3,4,5],"Validation":{"Settings":{"ForceResponse":"OFF","Type":"None"}},"Language":[],"NextChoiceId":6,"NextAnswerId":1,"QuestionID":"QID1"}},{"SurveyID":"SV_8HqQGt0QtW7nPBc","Element":"SQ","PrimaryAttribute":"QID13","SecondaryAttribute":"I enjoy wild flights of fantasy","TertiaryAttribute":null,"Payload":{"QuestionText":"I enjoy wild flights of fantasy","DataExportTag":"Q13","QuestionType":"MC","Selector":"SAVR","SubSelector":"TX","DataVisibility":{"Private":false,"Hidden":false},"Configuration":{"QuestionDescriptionOption":"UseText","Autoscale":{"YScale":{"Name":"agreeDisagree","Type":"likert","Reverse":false}}},"QuestionDescription":"I enjoy wild flights of fantasy","Choices":{"1":{"Display":"Strongly disagree"},"2":{"Display":"Somewhat disagree"},"3":{"Display":"Neither agree nor disagree"},"4":{"Display":"Somewhat agree"},"5":{"Display":"Strongly agree"}},"ChoiceOrder":[1,2,3,4,5],"Validation":{"Settings":{"ForceResponse":"OFF","Type":"None"}},"Language":[],"NextChoiceId":6,"NextAnswerId":1,"QuestionID":"QID13"}},{"SurveyID":"SV_8HqQGt0QtW7nPBc","Element":"SQ","PrimaryAttribute":"QID14","SecondaryAttribute":"I love to daydream","TertiaryAttribute":null,"Payload":{"QuestionText":"I love to daydream","DataExportTag":"Q14","QuestionType":"MC","Selector":"SAVR","SubSelector":"TX","DataVisibility":{"Private":false,"Hidden":false},"Configuration":{"QuestionDescriptionOption":"UseText","Autoscale":{"YScale":{"Name":"agreeDisagree","Type":"likert","Reverse":false}}},"QuestionDescription":"I love to daydream","Choices":{"1":{"Display":"Strongly disagree"},"2":{"Display":"Somewhat disagree"},"3":{"Display":"Neither agree nor disagree"},"4":{"Display":"Somewhat agree"},"5":{"Display":"Strongly agree"}},"ChoiceOrder":[1,2,3,4,5],"Validation":{"Settings":{"ForceResponse":"OFF","Type":"None"}},"Language":[],"NextChoiceId":6,"NextAnswerId":1,"QuestionID":"QID14"}},{"SurveyID":"SV_8HqQGt0QtW7nPBc","Element":"SQ","PrimaryAttribute":"QID15","SecondaryAttribute":"I like to get lost in thought","TertiaryAttribute":null,"Payload":{"QuestionText":"I like to get lost in thought","DataExportTag":"Q15","QuestionType":"MC","Selector":"SAVR","SubSelector":"TX","DataVisibility":{"Private":false,"Hidden":false},"Configuration":{"QuestionDescriptionOption":"UseText","Autoscale":{"YScale":{"Name":"agreeDisagree","Type":"likert","Reverse":false}}},"QuestionDescription":"I like to get lost in thought","Choices":{"1":{"Display":"Strongly disagree"},"2":{"Display":"Somewhat disagree"},"3":{"Display":"Neither agree nor disagree"},"4":{"Display":"Somewhat agree"},"5":{"Display":"Strongly agree"}},"ChoiceOrder":[1,2,3,4,5],"Validation":{"Settings":{"ForceResponse":"OFF","Type":"None"}},"Language":[],"NextChoiceId":6,"NextAnswerId":1,"QuestionID":"QID15"}},{"SurveyID":"SV_8HqQGt0QtW7nPBc","Element":"SQ","PrimaryAttribute":"QID16","SecondaryAttribute":"I spend time reflecting on things","TertiaryAttribute":null,"Payload":{"QuestionText":"I spend time reflecting on things","DataExportTag":"Q16","QuestionType":"MC","Selector":"SAVR","SubSelector":"TX","DataVisibility":{"Private":false,"Hidden":false},"Configuration":{"QuestionDescriptionOption":"UseText","Autoscale":{"YScale":{"Name":"agreeDisagree","Type":"likert","Reverse":false}}},"QuestionDescription":"I spend time reflecting on things","Choices":{"1":{"Display":"Strongly disagree"},"2":{"Display":"Somewhat disagree"},"3":{"Display":"Neither agree nor disagree"},"4":{"Display":"Somewhat agree"},"5":{"Display":"Strongly agree"}},"ChoiceOrder":[1,2,3,4,5],"Validation":{"Settings":{"ForceResponse":"OFF","Type":"None"}},"Language":[],"NextChoiceId":6,"NextAnswerId":1,"QuestionID":"QID16"}},{"SurveyID":"SV_8HqQGt0QtW7nPBc","Element":"SQ","PrimaryAttribute":"QID17","SecondaryAttribute":"I seldom daydream","TertiaryAttribute":null,"Payload":{"QuestionText":"I seldom daydream","DataExportTag":"Q17","QuestionType":"MC","Selector":"SAVR","SubSelector":"TX","DataVisibility":{"Private":false,"Hidden":false},"Configuration":{"QuestionDescriptionOption":"UseText","Autoscale":{"YScale":{"Name":"agreeDisagree","Type":"likert","Reverse":false}}},"QuestionDescription":"I seldom daydream","Choices":{"1":{"Display":"Strongly disagree"},"2":{"Display":"Somewhat disagree"},"3":{"Display":"Neither agree nor disagree"},"4":{"Display":"Somewhat agree"},"5":{"Display":"Strongly agree"}},"ChoiceOrder":[1,2,3,4,5],"Validation":{"Settings":{"ForceResponse":"OFF","Type":"None"}},"Language":[],"NextChoiceId":6,"NextAnswerId":1,"QuestionID":"QID17"}},{"SurveyID":"SV_8HqQGt0QtW7nPBc","Element":"SQ","PrimaryAttribute":"QID18","SecondaryAttribute":"I do not have a good imagination ","TertiaryAttribute":null,"Payload":{"QuestionText":"I do not have a good imagination&nbsp;","DataExportTag":"Q18","QuestionType":"MC","Selector":"SAVR","SubSelector":"TX","DataVisibility":{"Private":false,"Hidden":false},"Configuration":{"QuestionDescriptionOption":"UseText","Autoscale":{"YScale":{"Name":"agreeDisagree","Type":"likert","Reverse":false}}},"QuestionDescription":"I do not have a good imagination ","Choices":{"1":{"Display":"Strongly disagree"},"2":{"Display":"Somewhat disagree"},"3":{"Display":"Neither agree nor disagree"},"4":{"Display":"Somewhat agree"},"5":{"Display":"Strongly agree"}},"ChoiceOrder":[1,2,3,4,5],"Validation":{"Settings":{"ForceResponse":"OFF","Type":"None"}},"Language":[],"NextChoiceId":6,"NextAnswerId":1,"QuestionID":"QID18"}},{"SurveyID":"SV_8HqQGt0QtW7nPBc","Element":"SQ","PrimaryAttribute":"QID19","SecondaryAttribute":"I seldom get lost in thoughts","TertiaryAttribute":null,"Payload":{"QuestionText":"I seldom get lost in thoughts","DataExportTag":"Q19","QuestionType":"MC","Selector":"SAVR","SubSelector":"TX","DataVisibility":{"Private":false,"Hidden":false},"Configuration":{"QuestionDescriptionOption":"UseText","Autoscale":{"YScale":{"Name":"agreeDisagree","Type":"likert","Reverse":false}}},"QuestionDescription":"I seldom get lost in thoughts","Choices":{"1":{"Display":"Strongly disagree"},"2":{"Display":"Somewhat disagree"},"3":{"Display":"Neither agree nor disagree"},"4":{"Display":"Somewhat agree"},"5":{"Display":"Strongly agree"}},"ChoiceOrder":[1,2,3,4,5],"Validation":{"Settings":{"ForceResponse":"OFF","Type":"None"}},"Language":[],"NextChoiceId":6,"NextAnswerId":1,"QuestionID":"QID19"}},{"SurveyID":"SV_8HqQGt0QtW7nPBc","Element":"SQ","PrimaryAttribute":"QID20","SecondaryAttribute":"I have difficulty imagining things","TertiaryAttribute":null,"Payload":{"QuestionText":"I have difficulty imagining things","DataExportTag":"Q20","QuestionType":"MC","Selector":"SAVR","SubSelector":"TX","DataVisibility":{"Private":false,"Hidden":false},"Configuration":{"QuestionDescriptionOption":"UseText","Autoscale":{"YScale":{"Name":"agreeDisagree","Type":"likert","Reverse":false}}},"QuestionDescription":"I have difficulty imagining things","Choices":{"1":{"Display":"Strongly disagree"},"2":{"Display":"Somewhat disagree"},"3":{"Display":"Neither agree nor disagree"},"4":{"Display":"Somewhat agree"},"5":{"Display":"Strongly agree"}},"ChoiceOrder":[1,2,3,4,5],"Validation":{"Settings":{"ForceResponse":"OFF","Type":"None"}},"Language":[],"NextChoiceId":6,"NextAnswerId":1,"QuestionID":"QID20"}},{"SurveyID":"SV_8HqQGt0QtW7nPBc","Element":"SQ","PrimaryAttribute":"QID21","SecondaryAttribute":"I like to solve complex problems","TertiaryAttribute":null,"Payload":{"QuestionText":"I like to solve complex problems<br>","DataExportTag":"Q21","QuestionType":"MC","Selector":"SAVR","SubSelector":"TX","DataVisibility":{"Private":false,"Hidden":false},"Configuration":{"QuestionDescriptionOption":"UseText","Autoscale":{"YScale":{"Name":"agreeDisagree","Type":"likert","Reverse":false}}},"QuestionDescription":"I like to solve complex problems","Choices":{"1":{"Display":"Strongly disagree"},"2":{"Display":"Somewhat disagree"},"3":{"Display":"Neither agree nor disagree"},"4":{"Display":"Somewhat agree"},"5":{"Display":"Strongly agree"}},"ChoiceOrder":[1,2,3,4,5],"Validation":{"Settings":{"ForceResponse":"OFF","Type":"None"}},"Language":[],"NextChoiceId":6,"NextAnswerId":1,"QuestionID":"QID21"}},{"SurveyID":"SV_8HqQGt0QtW7nPBc","Element":"SQ","PrimaryAttribute":"QID22","SecondaryAttribute":"I love to read challenging material","TertiaryAttribute":null,"Payload":{"QuestionText":"I love to read challenging material<br>","DataExportTag":"Q22","QuestionType":"MC","Selector":"SAVR","SubSelector":"TX","DataVisibility":{"Private":false,"Hidden":false},"Configuration":{"QuestionDescriptionOption":"UseText","Autoscale":{"YScale":{"Name":"agreeDisagree","Type":"likert","Reverse":false}}},"QuestionDescription":"I love to read challenging material","Choices":{"1":{"Display":"Strongly disagree"},"2":{"Display":"Somewhat disagree"},"3":{"Display":"Neither agree nor disagree"},"4":{"Display":"Somewhat agree"},"5":{"Display":"Strongly agree"}},"ChoiceOrder":[1,2,3,4,5],"Validation":{"Settings":{"ForceResponse":"OFF","Type":"None"}},"Language":[],"NextChoiceId":6,"NextAnswerId":1,"QuestionID":"QID22"}},{"SurveyID":"SV_8HqQGt0QtW7nPBc","Element":"SQ","PrimaryAttribute":"QID23","SecondaryAttribute":"I have a rich vocabulary\u00a0","TertiaryAttribute":null,"Payload":{"QuestionText":"I have a rich vocabulary&nbsp;<br>","DataExportTag":"Q23","QuestionType":"MC","Selector":"SAVR","SubSelector":"TX","DataVisibility":{"Private":false,"Hidden":false},"Configuration":{"QuestionDescriptionOption":"UseText","Autoscale":{"YScale":{"Name":"agreeDisagree","Type":"likert","Reverse":false}}},"QuestionDescription":"I have a rich vocabulary\u00a0","Choices":{"1":{"Display":"Strongly disagree"},"2":{"Display":"Somewhat disagree"},"3":{"Display":"Neither agree nor disagree"},"4":{"Display":"Somewhat agree"},"5":{"Display":"Strongly agree"}},"ChoiceOrder":[1,2,3,4,5],"Validation":{"Settings":{"ForceResponse":"OFF","Type":"None"}},"Language":[],"NextChoiceId":6,"NextAnswerId":1,"QuestionID":"QID23"}},{"SurveyID":"SV_8HqQGt0QtW7nPBc","Element":"SQ","PrimaryAttribute":"QID24","SecondaryAttribute":"I can handle a lot of information","TertiaryAttribute":null,"Payload":{"QuestionText":"I can handle a lot of information<br>","DataExportTag":"Q24","QuestionType":"MC","Selector":"SAVR","SubSelector":"TX","DataVisibility":{"Private":false,"Hidden":false},"Configuration":{"QuestionDescriptionOption":"UseText","Autoscale":{"YScale":{"Name":"agreeDisagree","Type":"likert","Reverse":false}}},"QuestionDescription":"I can handle a lot of information","Choices":{"1":{"Display":"Strongly disagree"},"2":{"Display":"Somewhat disagree"},"3":{"Display":"Neither agree nor disagree"},"4":{"Display":"Somewhat agree"},"5":{"Display":"Strongly agree"}},"ChoiceOrder":[1,2,3,4,5],"Validation":{"Settings":{"ForceResponse":"OFF","Type":"None"}},"Language":[],"NextChoiceId":6,"NextAnswerId":1,"QuestionID":"QID24"}},{"SurveyID":"SV_8HqQGt0QtW7nPBc","Element":"SQ","PrimaryAttribute":"QID25","SecondaryAttribute":"I enjoy thinking about things","TertiaryAttribute":null,"Payload":{"QuestionText":"I enjoy thinking about things<br>","DataExportTag":"Q25","QuestionType":"MC","Selector":"SAVR","SubSelector":"TX","DataVisibility":{"Private":false,"Hidden":false},"Configuration":{"QuestionDescriptionOption":"UseText","Autoscale":{"YScale":{"Name":"agreeDisagree","Type":"likert","Reverse":false}}},"QuestionDescription":"I enjoy thinking about things","Choices":{"1":{"Display":"Strongly disagree"},"2":{"Display":"Somewhat disagree"},"3":{"Display":"Neither agree nor disagree"},"4":{"Display":"Somewhat agree"},"5":{"Display":"Strongly agree"}},"ChoiceOrder":[1,2,3,4,5],"Validation":{"Settings":{"ForceResponse":"OFF","Type":"None"}},"Language":[],"NextChoiceId":6,"NextAnswerId":1,"QuestionID":"QID25"}},{"SurveyID":"SV_8HqQGt0QtW7nPBc","Element":"SQ","PrimaryAttribute":"QID26","SecondaryAttribute":"I am not interested in abstract ideas","TertiaryAttribute":null,"Payload":{"QuestionText":"I am not interested in abstract ideas<br>","DataExportTag":"Q26","QuestionType":"MC","Selector":"SAVR","SubSelector":"TX","DataVisibility":{"Private":false,"Hidden":false},"Configuration":{"QuestionDescriptionOption":"UseText","Autoscale":{"YScale":{"Name":"agreeDisagree","Type":"likert","Reverse":false}}},"QuestionDescription":"I am not interested in abstract ideas","Choices":{"1":{"Display":"Strongly disagree"},"2":{"Display":"Somewhat disagree"},"3":{"Display":"Neither agree nor disagree"},"4":{"Display":"Somewhat agree"},"5":{"Display":"Strongly agree"}},"ChoiceOrder":[1,2,3,4,5],"Validation":{"Settings":{"ForceResponse":"OFF","Type":"None"}},"Language":[],"NextChoiceId":6,"NextAnswerId":1,"QuestionID":"QID26"}},{"SurveyID":"SV_8HqQGt0QtW7nPBc","Element":"SQ","PrimaryAttribute":"QID27","SecondaryAttribute":"I avoid philosophical discussions","TertiaryAttribute":null,"Payload":{"QuestionText":"I avoid philosophical discussions<br>","DataExportTag":"Q27","QuestionType":"MC","Selector":"SAVR","SubSelector":"TX","DataVisibility":{"Private":false,"Hidden":false},"Configuration":{"QuestionDescriptionOption":"UseText","Autoscale":{"YScale":{"Name":"agreeDisagree","Type":"likert","Reverse":false}}},"QuestionDescription":"I avoid philosophical discussions","Choices":{"1":{"Display":"Strongly disagree"},"2":{"Display":"Somewhat disagree"},"3":{"Display":"Neither agree nor disagree"},"4":{"Display":"Somewhat agree"},"5":{"Display":"Strongly agree"}},"ChoiceOrder":[1,2,3,4,5],"Validation":{"Settings":{"ForceResponse":"OFF","Type":"None"}},"Language":[],"NextChoiceId":6,"NextAnswerId":1,"QuestionID":"QID27"}},{"SurveyID":"SV_8HqQGt0QtW7nPBc","Element":"SQ","PrimaryAttribute":"QID28","SecondaryAttribute":"I have difficulty understanding abstract ideas","TertiaryAttribute":null,"Payload":{"QuestionText":"I have difficulty understanding abstract ideas<br>","DataExportTag":"Q28","QuestionType":"MC","Selector":"SAVR","SubSelector":"TX","DataVisibility":{"Private":false,"Hidden":false},"Configuration":{"QuestionDescriptionOption":"UseText","Autoscale":{"YScale":{"Name":"agreeDisagree","Type":"likert","Reverse":false}}},"QuestionDescription":"I have difficulty understanding abstract ideas","Choices":{"1":{"Display":"Strongly disagree"},"2":{"Display":"Somewhat disagree"},"3":{"Display":"Neither agree nor disagree"},"4":{"Display":"Somewhat agree"},"5":{"Display":"Strongly agree"}},"ChoiceOrder":[1,2,3,4,5],"Validation":{"Settings":{"ForceResponse":"OFF","Type":"None"}},"Language":[],"NextChoiceId":6,"NextAnswerId":1,"QuestionID":"QID28"}},{"SurveyID":"SV_8HqQGt0QtW7nPBc","Element":"SQ","PrimaryAttribute":"QID29","SecondaryAttribute":"I am not interested in theoretical discussions","TertiaryAttribute":null,"Payload":{"QuestionText":"I am not interested in theoretical discussions<br>","DataExportTag":"Q29","QuestionType":"MC","Selector":"SAVR","SubSelector":"TX","DataVisibility":{"Private":false,"Hidden":false},"Configuration":{"QuestionDescriptionOption":"UseText","Autoscale":{"YScale":{"Name":"agreeDisagree","Type":"likert","Reverse":false}}},"QuestionDescription":"I am not interested in theoretical discussions","Choices":{"1":{"Display":"Strongly disagree"},"2":{"Display":"Somewhat disagree"},"3":{"Display":"Neither agree nor disagree"},"4":{"Display":"Somewhat agree"},"5":{"Display":"Strongly agree"}},"ChoiceOrder":[1,2,3,4,5],"Validation":{"Settings":{"ForceResponse":"OFF","Type":"None"}},"Language":[],"NextChoiceId":6,"NextAnswerId":1,"QuestionID":"QID29"}},{"SurveyID":"SV_8HqQGt0QtW7nPBc","Element":"SQ","PrimaryAttribute":"QID30","SecondaryAttribute":"I avoid difficult reading material\u00a0","TertiaryAttribute":null,"Payload":{"QuestionText":"I avoid difficult reading material&nbsp;<br>","DataExportTag":"Q30","QuestionType":"MC","Selector":"SAVR","SubSelector":"TX","DataVisibility":{"Private":false,"Hidden":false},"Configuration":{"QuestionDescriptionOption":"UseText","Autoscale":{"YScale":{"Name":"agreeDisagree","Type":"likert","Reverse":false}}},"QuestionDescription":"I avoid difficult reading material\u00a0","Choices":{"1":{"Display":"Strongly disagree"},"2":{"Display":"Somewhat disagree"},"3":{"Display":"Neither agree nor disagree"},"4":{"Display":"Somewhat agree"},"5":{"Display":"Strongly agree"}},"ChoiceOrder":[1,2,3,4,5],"Validation":{"Settings":{"ForceResponse":"OFF","Type":"None"}},"Language":[],"NextChoiceId":6,"NextAnswerId":1,"QuestionID":"QID30"}},{"SurveyID":"SV_8HqQGt0QtW7nPBc","Element":"SQ","PrimaryAttribute":"QID32","SecondaryAttribute":"I am able to talk about the emotions that a piece of music evokes (stimulates) in me","TertiaryAttribute":null,"Payload":{"QuestionText":"I am able to talk about the emotions that a piece of music evokes (stimulates) in me","DefaultChoices":false,"DataExportTag":"Q32","QuestionType":"MC","Selector":"SAVR","SubSelector":"TX","DataVisibility":{"Private":false,"Hidden":false},"Configuration":{"QuestionDescriptionOption":"UseText","Autoscale":{"YScale":{"Name":"agreeDisagree","Type":"likert","Reverse":false}}},"QuestionDescription":"I am able to talk about the emotions that a piece of music evokes (stimulates) in me","Choices":{"1":{"Display":"Strongly disagree"},"2":{"Display":"Somewhat disagree"},"3":{"Display":"Neither agree nor disagree"},"4":{"Display":"Somewhat agree"},"5":{"Display":"Strongly agree"}},"ChoiceOrder":["1","2","3","4","5"],"Validation":{"Settings":{"ForceResponse":"OFF","Type":"None"}},"GradingData":[],"Language":[],"NextChoiceId":6,"NextAnswerId":1,"QuestionID":"QID32"}},{"SurveyID":"SV_8HqQGt0QtW7nPBc","Element":"SQ","PrimaryAttribute":"QID33","SecondaryAttribute":"I often pick certain music to motivate or excite me","TertiaryAttribute":null,"Payload":{"QuestionText":"I often pick certain music to motivate or excite me","DefaultChoices":false,"DataExportTag":"Q33","QuestionType":"MC","Selector":"SAVR","SubSelector":"TX","DataVisibility":{"Private":false,"Hidden":false},"Configuration":{"QuestionDescriptionOption":"UseText","Autoscale":{"YScale":{"Name":"agreeDisagree","Type":"likert","Reverse":false}}},"QuestionDescription":"I often pick certain music to motivate or excite me","Choices":{"1":{"Display":"Strongly disagree"},"2":{"Display":"Somewhat disagree"},"3":{"Display":"Neither agree nor disagree"},"4":{"Display":"Somewhat agree"},"5":{"Display":"Strongly agree"}},"ChoiceOrder":["1","2","3","4","5"],"Validation":{"Settings":{"ForceResponse":"OFF","Type":"None"}},"GradingData":[],"Language":[],"NextChoiceId":6,"NextAnswerId":1,"QuestionID":"QID33"}},{"SurveyID":"SV_8HqQGt0QtW7nPBc","Element":"SQ","PrimaryAttribute":"QID34","SecondaryAttribute":"I sometimes choose music that can trigger shivers down my spine (that gives me goosebumps)","TertiaryAttribute":null,"Payload":{"QuestionText":"I sometimes choose music that can trigger shivers down my spine (that gives me goosebumps)","DefaultChoices":false,"DataExportTag":"Q34","QuestionType":"MC","Selector":"SAVR","SubSelector":"TX","DataVisibility":{"Private":false,"Hidden":false},"Configuration":{"QuestionDescriptionOption":"UseText","Autoscale":{"YScale":{"Name":"agreeDisagree","Type":"likert","Reverse":false}}},"QuestionDescription":"I sometimes choose music that can trigger shivers down my spine (that gives me goosebumps)","Choices":{"1":{"Display":"Strongly disagree"},"2":{"Display":"Somewhat disagree"},"3":{"Display":"Neither agree nor disagree"},"4":{"Display":"Somewhat agree"},"5":{"Display":"Strongly agree"}},"ChoiceOrder":["1","2","3","4","5"],"Validation":{"Settings":{"ForceResponse":"OFF","Type":"None"}},"GradingData":[],"Language":[],"NextChoiceId":6,"NextAnswerId":1,"QuestionID":"QID34"}},{"SurveyID":"SV_8HqQGt0QtW7nPBc","Element":"SQ","PrimaryAttribute":"QID35","SecondaryAttribute":"Music can evoke my memories of past people and places","TertiaryAttribute":null,"Payload":{"QuestionText":"Music can evoke my memories of past people and places","DefaultChoices":false,"DataExportTag":"Q35","QuestionType":"MC","Selector":"SAVR","SubSelector":"TX","DataVisibility":{"Private":false,"Hidden":false},"Configuration":{"QuestionDescriptionOption":"UseText","Autoscale":{"YScale":{"Name":"agreeDisagree","Type":"likert","Reverse":false}}},"QuestionDescription":"Music can evoke my memories of past people and places","Choices":{"1":{"Display":"Strongly disagree"},"2":{"Display":"Somewhat disagree"},"3":{"Display":"Neither agree nor disagree"},"4":{"Display":"Somewhat agree"},"5":{"Display":"Strongly agree"}},"ChoiceOrder":["1","2","3","4","5"],"Validation":{"Settings":{"ForceResponse":"OFF","Type":"None"}},"GradingData":[],"Language":[],"NextChoiceId":6,"NextAnswerId":1,"QuestionID":"QID35"}},{"SurveyID":"SV_8HqQGt0QtW7nPBc","Element":"SQ","PrimaryAttribute":"QID36","SecondaryAttribute":"Pieces of music rarely evoke emotions for me","TertiaryAttribute":null,"Payload":{"QuestionText":"Pieces of music rarely evoke emotions for me","DefaultChoices":false,"DataExportTag":"Q36","QuestionType":"MC","Selector":"SAVR","SubSelector":"TX","DataVisibility":{"Private":false,"Hidden":false},"Configuration":{"QuestionDescriptionOption":"UseText","Autoscale":{"YScale":{"Name":"agreeDisagree","Type":"likert","Reverse":false}}},"QuestionDescription":"Pieces of music rarely evoke emotions for me","Choices":{"1":{"Display":"Strongly disagree"},"2":{"Display":"Somewhat disagree"},"3":{"Display":"Neither agree nor disagree"},"4":{"Display":"Somewhat agree"},"5":{"Display":"Strongly agree"}},"ChoiceOrder":["1","2","3","4","5"],"Validation":{"Settings":{"ForceResponse":"OFF","Type":"None"}},"GradingData":[],"Language":[],"NextChoiceId":6,"NextAnswerId":1,"QuestionID":"QID36"}},{"SurveyID":"SV_8HqQGt0QtW7nPBc","Element":"SQ","PrimaryAttribute":"QID37","SecondaryAttribute":"I enjoy learning about the background or story behind a song","TertiaryAttribute":null,"Payload":{"QuestionText":"I enjoy learning about the background or story behind a song<br>","DefaultChoices":false,"DataExportTag":"Q37","QuestionType":"MC","Selector":"SAVR","SubSelector":"TX","DataVisibility":{"Private":false,"Hidden":false},"Configuration":{"QuestionDescriptionOption":"UseText","Autoscale":{"YScale":{"Name":"agreeDisagree","Type":"likert","Reverse":false}}},"QuestionDescription":"I enjoy learning about the background or story behind a song","Choices":{"1":{"Display":"Strongly disagree"},"2":{"Display":"Somewhat disagree"},"3":{"Display":"Neither agree nor disagree"},"4":{"Display":"Somewhat agree"},"5":{"Display":"Strongly agree"}},"ChoiceOrder":[1,2,3,4,5],"Validation":{"Settings":{"ForceResponse":"OFF","Type":"None"}},"GradingData":[],"Language":[],"NextChoiceId":6,"NextAnswerId":1,"QuestionID":"QID37"}},{"SurveyID":"SV_8HqQGt0QtW7nPBc","Element":"SQ","PrimaryAttribute":"QID38","SecondaryAttribute":"I\u2019m interested in knowing more about the artists I listen to","TertiaryAttribute":null,"Payload":{"QuestionText":"I\u2019m interested in knowing more about the artists I listen to<br>","DefaultChoices":false,"DataExportTag":"Q38","QuestionType":"MC","Selector":"SAVR","SubSelector":"TX","DataVisibility":{"Private":false,"Hidden":false},"Configuration":{"QuestionDescriptionOption":"UseText","Autoscale":{"YScale":{"Name":"agreeDisagree","Type":"likert","Reverse":false}}},"QuestionDescription":"I\u2019m interested in knowing more about the artists I listen to","Choices":{"1":{"Display":"Strongly disagree"},"2":{"Display":"Somewhat disagree"},"3":{"Display":"Neither agree nor disagree"},"4":{"Display":"Somewhat agree"},"5":{"Display":"Strongly agree"}},"ChoiceOrder":["1","2","3","4","5"],"Validation":{"Settings":{"ForceResponse":"OFF","Type":"None"}},"GradingData":[],"Language":[],"NextChoiceId":6,"NextAnswerId":1,"QuestionID":"QID38"}},{"SurveyID":"SV_8HqQGt0QtW7nPBc","Element":"SQ","PrimaryAttribute":"QID39","SecondaryAttribute":"I like to understand the cultural or historical context that shapes music","TertiaryAttribute":null,"Payload":{"QuestionText":"I like to understand the cultural or historical context that shapes music<br>","DefaultChoices":false,"DataExportTag":"Q39","QuestionType":"MC","Selector":"SAVR","SubSelector":"TX","DataVisibility":{"Private":false,"Hidden":false},"Configuration":{"QuestionDescriptionOption":"UseText","Autoscale":{"YScale":{"Name":"agreeDisagree","Type":"likert","Reverse":false}}},"QuestionDescription":"I like to understand the cultural or historical context that shapes music","Choices":{"1":{"Display":"Strongly disagree"},"2":{"Display":"Somewhat disagree"},"3":{"Display":"Neither agree nor disagree"},"4":{"Display":"Somewhat agree"},"5":{"Display":"Strongly agree"}},"ChoiceOrder":["1","2","3","4","5"],"Validation":{"Settings":{"ForceResponse":"OFF","Type":"None"}},"GradingData":[],"Language":[],"NextChoiceId":6,"NextAnswerId":1,"QuestionID":"QID39"}},{"SurveyID":"SV_8HqQGt0QtW7nPBc","Element":"SQ","PrimaryAttribute":"QID40","SecondaryAttribute":"I like discovering the meaning or inspiration behind songs","TertiaryAttribute":null,"Payload":{"QuestionText":"I like discovering the meaning or inspiration behind songs","DefaultChoices":false,"DataExportTag":"Q40","QuestionType":"MC","Selector":"SAVR","SubSelector":"TX","DataVisibility":{"Private":false,"Hidden":false},"Configuration":{"QuestionDescriptionOption":"UseText","Autoscale":{"YScale":{"Name":"agreeDisagree","Type":"likert","Reverse":false}}},"QuestionDescription":"I like discovering the meaning or inspiration behind songs","Choices":{"1":{"Display":"Strongly disagree"},"2":{"Display":"Somewhat disagree"},"3":{"Display":"Neither agree nor disagree"},"4":{"Display":"Somewhat agree"},"5":{"Display":"Strongly agree"}},"ChoiceOrder":["1","2","3","4","5"],"Validation":{"Settings":{"ForceResponse":"OFF","Type":"None"}},"GradingData":[],"Language":[],"NextChoiceId":6,"NextAnswerId":1,"QuestionID":"QID40"}},{"SurveyID":"SV_8HqQGt0QtW7nPBc","Element":"SQ","PrimaryAttribute":"QID41","SecondaryAttribute":"I\u2019m not particularly interested in learning about the artists I listen to","TertiaryAttribute":null,"Payload":{"QuestionText":"I\u2019m not particularly interested in learning about the artists I listen to","DefaultChoices":false,"DataExportTag":"Q41","QuestionType":"MC","Selector":"SAVR","SubSelector":"TX","DataVisibility":{"Private":false,"Hidden":false},"Configuration":{"QuestionDescriptionOption":"UseText","Autoscale":{"YScale":{"Name":"agreeDisagree","Type":"likert","Reverse":false}}},"QuestionDescription":"I\u2019m not particularly interested in learning about the artists I listen to","Choices":{"1":{"Display":"Strongly disagree"},"2":{"Display":"Somewhat disagree"},"3":{"Display":"Neither agree nor disagree"},"4":{"Display":"Somewhat agree"},"5":{"Display":"Strongly agree"}},"ChoiceOrder":["1","2","3","4","5"],"Validation":{"Settings":{"ForceResponse":"OFF","Type":"None"}},"GradingData":[],"Language":[],"NextChoiceId":6,"NextAnswerId":1,"QuestionID":"QID41"}},{"SurveyID":"SV_8HqQGt0QtW7nPBc","Element":"SQ","PrimaryAttribute":"QID42","SecondaryAttribute":"I don't spend much of my disposable income on music","TertiaryAttribute":null,"Payload":{"QuestionText":"I don't spend much of my disposable income on music","DefaultChoices":false,"DataExportTag":"Q43","QuestionType":"MC","Selector":"SAVR","SubSelector":"TX","DataVisibility":{"Private":false,"Hidden":false},"Configuration":{"QuestionDescriptionOption":"UseText","Autoscale":{"YScale":{"Name":"agreeDisagree","Type":"likert","Reverse":false}}},"QuestionDescription":"I don't spend much of my disposable income on music","Choices":{"1":{"Display":"Strongly disagree"},"2":{"Display":"Somewhat disagree"},"3":{"Display":"Neither agree nor disagree"},"4":{"Display":"Somewhat agree"},"5":{"Display":"Strongly agree"}},"ChoiceOrder":["1","2","3","4","5"],"Validation":{"Settings":{"ForceResponse":"OFF","Type":"None"}},"GradingData":[],"Language":[],"NextChoiceId":6,"NextAnswerId":1,"QuestionID":"QID42"}},{"SurveyID":"SV_8HqQGt0QtW7nPBc","Element":"SQ","PrimaryAttribute":"QID49","SecondaryAttribute":"I keep track of new music that I come across e.g. new artists or recordings","TertiaryAttribute":null,"Payload":{"QuestionText":"I keep track of new music that I come across e.g. new artists or recordings","DefaultChoices":false,"DataExportTag":"Q49","QuestionType":"MC","Selector":"SAVR","SubSelector":"TX","DataVisibility":{"Private":false,"Hidden":false},"Configuration":{"QuestionDescriptionOption":"UseText","Autoscale":{"YScale":{"Name":"agreeDisagree","Type":"likert","Reverse":false}}},"QuestionDescription":"I keep track of new music that I come across e.g. new artists or recordings","Choices":{"1":{"Display":"Strongly disagree"},"2":{"Display":"Somewhat disagree"},"3":{"Display":"Neither agree nor disagree"},"4":{"Display":"Somewhat agree"},"5":{"Display":"Strongly agree"}},"ChoiceOrder":["1","2","3","4","5"],"Validation":{"Settings":{"ForceResponse":"OFF","Type":"None"}},"GradingData":[],"Language":[],"NextChoiceId":6,"NextAnswerId":1,"QuestionID":"QID49"}},{"SurveyID":"SV_8HqQGt0QtW7nPBc","Element":"SQ","PrimaryAttribute":"QID50","SecondaryAttribute":"I often read or search the internet for things related to music","TertiaryAttribute":null,"Payload":{"QuestionText":"I often read or search the internet for things related to music","DefaultChoices":false,"DataExportTag":"Q50","QuestionType":"MC","Selector":"SAVR","SubSelector":"TX","DataVisibility":{"Private":false,"Hidden":false},"Configuration":{"QuestionDescriptionOption":"UseText","Autoscale":{"YScale":{"Name":"agreeDisagree","Type":"likert","Reverse":false}}},"QuestionDescription":"I often read or search the internet for things related to music","Choices":{"1":{"Display":"Strongly disagree"},"2":{"Display":"Somewhat disagree"},"3":{"Display":"Neither agree nor disagree"},"4":{"Display":"Somewhat agree"},"5":{"Display":"Strongly agree"}},"ChoiceOrder":["1","2","3","4","5"],"Validation":{"Settings":{"ForceResponse":"OFF","Type":"None"}},"GradingData":[],"Language":[],"NextChoiceId":6,"NextAnswerId":1,"QuestionID":"QID50"}},{"SurveyID":"SV_8HqQGt0QtW7nPBc","Element":"SQ","PrimaryAttribute":"QID51","SecondaryAttribute":"Music is kind of an addiction for me - I couldn\u2019t live without it","TertiaryAttribute":null,"Payload":{"QuestionText":"Music is kind of an addiction for me - I couldn\u2019t live without it","DefaultChoices":false,"DataExportTag":"Q51","QuestionType":"MC","Selector":"SAVR","SubSelector":"TX","DataVisibility":{"Private":false,"Hidden":false},"Configuration":{"QuestionDescriptionOption":"UseText","Autoscale":{"YScale":{"Name":"agreeDisagree","Type":"likert","Reverse":false}}},"QuestionDescription":"Music is kind of an addiction for me - I couldn\u2019t live without it","Choices":{"1":{"Display":"Strongly disagree"},"2":{"Display":"Somewhat disagree"},"3":{"Display":"Neither agree nor disagree"},"4":{"Display":"Somewhat agree"},"5":{"Display":"Strongly agree"}},"ChoiceOrder":["1","2","3","4","5"],"Validation":{"Settings":{"ForceResponse":"OFF","Type":"None"}},"GradingData":[],"Language":[],"NextChoiceId":6,"NextAnswerId":1,"QuestionID":"QID51"}},{"SurveyID":"SV_8HqQGt0QtW7nPBc","Element":"SQ","PrimaryAttribute":"QID6","SecondaryAttribute":"I listen attentively to music for ___ per day","TertiaryAttribute":null,"Payload":{"QuestionText":"I listen attentively to music for ___ per day","DefaultChoices":false,"DataExportTag":"Active engagement","QuestionType":"MC","Selector":"SAVR","SubSelector":"TX","DataVisibility":{"Private":false,"Hidden":false},"Configuration":{"QuestionDescriptionOption":"UseText"},"QuestionDescription":"I listen attentively to music for ___ per day","Choices":{"1":{"Display":"0-15 min"},"2":{"Display":"15-30 min"},"3":{"Display":"30-60 min"},"4":{"Display":"60-90 min"},"5":{"Display":"2 hrs"},"6":{"Display":"2-3 hrs"},"7":{"Display":"4 hrs or more"}},"ChoiceOrder":[1,2,3,4,5,6,7],"Validation":{"Settings":{"ForceResponse":"OFF","Type":"None"}},"GradingData":[],"Language":[],"NextChoiceId":8,"NextAnswerId":1,"QuestionID":"QID6"}},{"SurveyID":"SV_8HqQGt0QtW7nPBc","Element":"STAT","PrimaryAttribute":"Survey Statistics","SecondaryAttribute":null,"TertiaryAttribute":null,"Payload":{"MobileCompatible":true,"ID":"Survey Statistics"}}]}